{
  "version": 4,
  "terraform_version": "1.2.3",
  "serial": 28,
  "lineage": "ade63f18-8916-5269-3fd0-026645a4deaf",
  "outputs": {},
  "resources": [
    {
      "mode": "data",
      "type": "aws_ami",
      "name": "ubuntu",
      "provider": "provider[\"registry.terraform.io/hashicorp/aws\"]",
      "instances": [
        {
          "schema_version": 0,
          "attributes": {
            "architecture": "x86_64",
            "arn": "arn:aws:ec2:us-east-1::image/ami-0070c5311b7677678",
            "block_device_mappings": [
              {
                "device_name": "/dev/sda1",
                "ebs": {
                  "delete_on_termination": "true",
                  "encrypted": "false",
                  "iops": "0",
                  "snapshot_id": "snap-0db3735e6b7f08d2c",
                  "throughput": "0",
                  "volume_size": "8",
                  "volume_type": "gp2"
                },
                "no_device": "",
                "virtual_name": ""
              },
              {
                "device_name": "/dev/sdb",
                "ebs": {},
                "no_device": "",
                "virtual_name": "ephemeral0"
              },
              {
                "device_name": "/dev/sdc",
                "ebs": {},
                "no_device": "",
                "virtual_name": "ephemeral1"
              }
            ],
            "boot_mode": "",
            "creation_date": "2022-07-07T00:49:12.000Z",
            "deprecation_time": "2024-07-07T00:49:12.000Z",
            "description": "Canonical, Ubuntu, 20.04 LTS, amd64 focal image build on 2022-07-06",
            "ena_support": true,
            "executable_users": null,
            "filter": [
              {
                "name": "name",
                "values": [
                  "ubuntu/images/hvm-ssd/ubuntu-focal-20.04-amd64-server-*"
                ]
              },
              {
                "name": "virtualization-type",
                "values": [
                  "hvm"
                ]
              }
            ],
            "hypervisor": "xen",
            "id": "ami-0070c5311b7677678",
            "image_id": "ami-0070c5311b7677678",
            "image_location": "099720109477/ubuntu/images/hvm-ssd/ubuntu-focal-20.04-amd64-server-20220706",
            "image_owner_alias": "",
            "image_type": "machine",
            "include_deprecated": false,
            "kernel_id": "",
            "most_recent": true,
            "name": "ubuntu/images/hvm-ssd/ubuntu-focal-20.04-amd64-server-20220706",
            "name_regex": null,
            "owner_id": "099720109477",
            "owners": [
              "099720109477"
            ],
            "platform": "",
            "platform_details": "Linux/UNIX",
            "product_codes": [],
            "public": true,
            "ramdisk_id": "",
            "root_device_name": "/dev/sda1",
            "root_device_type": "ebs",
            "root_snapshot_id": "snap-0db3735e6b7f08d2c",
            "sriov_net_support": "simple",
            "state": "available",
            "state_reason": {
              "code": "UNSET",
              "message": "UNSET"
            },
            "tags": {},
            "tpm_support": "",
            "usage_operation": "RunInstances",
            "virtualization_type": "hvm"
          },
          "sensitive_attributes": []
        }
      ]
    },
    {
      "mode": "managed",
      "type": "aws_eip",
      "name": "elastic_ip",
      "provider": "provider[\"registry.terraform.io/hashicorp/aws\"]",
      "instances": [
        {
          "schema_version": 0,
          "attributes": {
            "address": null,
            "allocation_id": "eipalloc-0305fcc1e73e50008",
            "associate_with_private_ip": null,
            "association_id": "eipassoc-0633b9be785b89ad1",
            "carrier_ip": "",
            "customer_owned_ip": "",
            "customer_owned_ipv4_pool": "",
            "domain": "vpc",
            "id": "eipalloc-0305fcc1e73e50008",
            "instance": "",
            "network_border_group": "us-east-1",
            "network_interface": "eni-0fdf9a64f4f347272",
            "private_dns": "ip-10-0-1-180.ec2.internal",
            "private_ip": "10.0.1.180",
            "public_dns": "ec2-54-210-190-244.compute-1.amazonaws.com",
            "public_ip": "54.210.190.244",
            "public_ipv4_pool": "amazon",
            "tags": {},
            "tags_all": {},
            "timeouts": null,
            "vpc": true
          },
          "sensitive_attributes": [],
          "private": "eyJlMmJmYjczMC1lY2FhLTExZTYtOGY4OC0zNDM2M2JjN2M0YzAiOnsiZGVsZXRlIjoxODAwMDAwMDAwMDAsInJlYWQiOjkwMDAwMDAwMDAwMCwidXBkYXRlIjozMDAwMDAwMDAwMDB9fQ=="
        }
      ]
    },
    {
      "mode": "managed",
      "type": "aws_instance",
      "name": "app",
      "provider": "provider[\"registry.terraform.io/hashicorp/aws\"]",
      "instances": [
        {
          "schema_version": 1,
          "attributes": {
            "ami": "ami-0070c5311b7677678",
            "arn": "arn:aws:ec2:us-east-1:025584964672:instance/i-0772539f2cc18120c",
            "associate_public_ip_address": false,
            "availability_zone": "us-east-1a",
            "capacity_reservation_specification": [
              {
                "capacity_reservation_preference": "open",
                "capacity_reservation_target": []
              }
            ],
            "cpu_core_count": 1,
            "cpu_threads_per_core": 1,
            "credit_specification": [
              {
                "cpu_credits": "standard"
              }
            ],
            "disable_api_stop": false,
            "disable_api_termination": false,
            "ebs_block_device": [],
            "ebs_optimized": false,
            "enclave_options": [
              {
                "enabled": false
              }
            ],
            "ephemeral_block_device": [],
            "get_password_data": false,
            "hibernation": false,
            "host_id": null,
            "iam_instance_profile": "",
            "id": "i-0772539f2cc18120c",
            "instance_initiated_shutdown_behavior": "stop",
            "instance_state": "running",
            "instance_type": "t2.micro",
            "ipv6_address_count": 0,
            "ipv6_addresses": [],
            "key_name": "test-keypair",
            "launch_template": [],
            "maintenance_options": [
              {
                "auto_recovery": "default"
              }
            ],
            "metadata_options": [
              {
                "http_endpoint": "enabled",
                "http_put_response_hop_limit": 1,
                "http_tokens": "optional",
                "instance_metadata_tags": "disabled"
              }
            ],
            "monitoring": false,
            "network_interface": [],
            "outpost_arn": "",
            "password_data": "",
            "placement_group": "",
            "placement_partition_number": null,
            "primary_network_interface_id": "eni-0c977ea2525e87f82",
            "private_dns": "ip-10-0-3-53.ec2.internal",
            "private_dns_name_options": [
              {
                "enable_resource_name_dns_a_record": false,
                "enable_resource_name_dns_aaaa_record": false,
                "hostname_type": "ip-name"
              }
            ],
            "private_ip": "10.0.3.53",
            "public_dns": "",
            "public_ip": "",
            "root_block_device": [
              {
                "delete_on_termination": true,
                "device_name": "/dev/sda1",
                "encrypted": false,
                "iops": 100,
                "kms_key_id": "",
                "tags": {},
                "throughput": 0,
                "volume_id": "vol-091b1269cab55d49e",
                "volume_size": 8,
                "volume_type": "gp2"
              }
            ],
            "secondary_private_ips": [],
            "security_groups": [],
            "source_dest_check": true,
            "subnet_id": "subnet-0091b603fbffcc19c",
            "tags": {},
            "tags_all": {},
            "tenancy": "default",
            "timeouts": null,
            "user_data": null,
            "user_data_base64": null,
            "user_data_replace_on_change": false,
            "volume_tags": null,
            "vpc_security_group_ids": [
              "sg-063f05d663c9b7476"
            ]
          },
          "sensitive_attributes": [],
          "private": "eyJlMmJmYjczMC1lY2FhLTExZTYtOGY4OC0zNDM2M2JjN2M0YzAiOnsiY3JlYXRlIjo2MDAwMDAwMDAwMDAsImRlbGV0ZSI6MTIwMDAwMDAwMDAwMCwidXBkYXRlIjo2MDAwMDAwMDAwMDB9LCJzY2hlbWFfdmVyc2lvbiI6IjEifQ==",
          "dependencies": [
            "aws_key_pair.instance",
            "aws_security_group.allow_ssh3000",
            "aws_subnet.first_private",
            "aws_vpc.myvpc",
            "data.aws_ami.ubuntu",
            "tls_private_key.instance"
          ]
        }
      ]
    },
    {
      "mode": "managed",
      "type": "aws_instance",
      "name": "bastion",
      "provider": "provider[\"registry.terraform.io/hashicorp/aws\"]",
      "instances": [
        {
          "schema_version": 1,
          "attributes": {
            "ami": "ami-0070c5311b7677678",
            "arn": "arn:aws:ec2:us-east-1:025584964672:instance/i-030253e16659aeea5",
            "associate_public_ip_address": true,
            "availability_zone": "us-east-1a",
            "capacity_reservation_specification": [
              {
                "capacity_reservation_preference": "open",
                "capacity_reservation_target": []
              }
            ],
            "cpu_core_count": 1,
            "cpu_threads_per_core": 1,
            "credit_specification": [
              {
                "cpu_credits": "standard"
              }
            ],
            "disable_api_stop": false,
            "disable_api_termination": false,
            "ebs_block_device": [],
            "ebs_optimized": false,
            "enclave_options": [
              {
                "enabled": false
              }
            ],
            "ephemeral_block_device": [],
            "get_password_data": false,
            "hibernation": false,
            "host_id": null,
            "iam_instance_profile": "",
            "id": "i-030253e16659aeea5",
            "instance_initiated_shutdown_behavior": "stop",
            "instance_state": "running",
            "instance_type": "t2.micro",
            "ipv6_address_count": 0,
            "ipv6_addresses": [],
            "key_name": "test-keypair",
            "launch_template": [],
            "maintenance_options": [
              {
                "auto_recovery": "default"
              }
            ],
            "metadata_options": [
              {
                "http_endpoint": "enabled",
                "http_put_response_hop_limit": 1,
                "http_tokens": "optional",
                "instance_metadata_tags": "disabled"
              }
            ],
            "monitoring": false,
            "network_interface": [],
            "outpost_arn": "",
            "password_data": "",
            "placement_group": "",
            "placement_partition_number": null,
            "primary_network_interface_id": "eni-030c02318fcd8c6fb",
            "private_dns": "ip-10-0-1-196.ec2.internal",
            "private_dns_name_options": [
              {
                "enable_resource_name_dns_a_record": false,
                "enable_resource_name_dns_aaaa_record": false,
                "hostname_type": "ip-name"
              }
            ],
            "private_ip": "10.0.1.196",
            "public_dns": "",
            "public_ip": "54.198.180.63",
            "root_block_device": [
              {
                "delete_on_termination": true,
                "device_name": "/dev/sda1",
                "encrypted": false,
                "iops": 100,
                "kms_key_id": "",
                "tags": {},
                "throughput": 0,
                "volume_id": "vol-06306b6a766fdae9a",
                "volume_size": 8,
                "volume_type": "gp2"
              }
            ],
            "secondary_private_ips": [],
            "security_groups": [],
            "source_dest_check": true,
            "subnet_id": "subnet-0a1034f886ee1debe",
            "tags": {},
            "tags_all": {},
            "tenancy": "default",
            "timeouts": null,
            "user_data": null,
            "user_data_base64": null,
            "user_data_replace_on_change": false,
            "volume_tags": null,
            "vpc_security_group_ids": [
              "sg-0bbe181d8f1bc9545"
            ]
          },
          "sensitive_attributes": [],
          "private": "eyJlMmJmYjczMC1lY2FhLTExZTYtOGY4OC0zNDM2M2JjN2M0YzAiOnsiY3JlYXRlIjo2MDAwMDAwMDAwMDAsImRlbGV0ZSI6MTIwMDAwMDAwMDAwMCwidXBkYXRlIjo2MDAwMDAwMDAwMDB9LCJzY2hlbWFfdmVyc2lvbiI6IjEifQ==",
          "dependencies": [
            "aws_key_pair.instance",
            "aws_security_group.allow_ssh",
            "aws_subnet.first_public",
            "aws_vpc.myvpc",
            "data.aws_ami.ubuntu",
            "tls_private_key.instance"
          ]
        }
      ]
    },
    {
      "mode": "managed",
      "type": "aws_internet_gateway",
      "name": "igw",
      "provider": "provider[\"registry.terraform.io/hashicorp/aws\"]",
      "instances": [
        {
          "schema_version": 0,
          "attributes": {
            "arn": "arn:aws:ec2:us-east-1:025584964672:internet-gateway/igw-080a5189c4d2519c6",
            "id": "igw-080a5189c4d2519c6",
            "owner_id": "025584964672",
            "tags": {
              "Name": "igw"
            },
            "tags_all": {
              "Name": "igw"
            },
            "vpc_id": "vpc-0db27ad0e46609cbc"
          },
          "sensitive_attributes": [],
          "private": "bnVsbA==",
          "dependencies": [
            "aws_vpc.myvpc"
          ]
        }
      ]
    },
    {
      "mode": "managed",
      "type": "aws_key_pair",
      "name": "instance",
      "provider": "provider[\"registry.terraform.io/hashicorp/aws\"]",
      "instances": [
        {
          "schema_version": 1,
          "attributes": {
            "arn": "arn:aws:ec2:us-east-1:025584964672:key-pair/test-keypair",
            "fingerprint": "ee:d7:43:7b:95:66:21:d2:d0:fc:66:14:d9:00:a4:88",
            "id": "test-keypair",
            "key_name": "test-keypair",
            "key_name_prefix": "",
            "key_pair_id": "key-0ad40baaadc8cb0b4",
            "key_type": "rsa",
            "public_key": "ssh-rsa AAAAB3NzaC1yc2EAAAADAQABAAABAQDFXmsubSCFugef908m5pUaS0Z37E4Ae0WXZcq977f5sFvPUlhXS6TbQfWNc2AjUYX8hw/5NqAgMDN3P6x7wWx/BJ7xRHfEGRoosyLcMoOJXapLqj7H3Ay4eSnQmcGjvGeAsQUxGxiang6LwgwEFZYkQwxhDLg2dFt6GQqBgZMZ7H4PxdgOGUzB/qcsHget+kUwuLMt1XVX4Ltz8JdRXyxVUUoU6Gf4fO7uo+drJAMBkUmMq4Y+zUvuPME8f5yHssnXOmDUuF9vxYOTNCy2800l74xcFhA3VnTbtU++hR//G+UXc8/KiwxE67YN4y8UyxfCct/okgjsP39d2YUsFcjr",
            "tags": {
              "Name": "test-keypair"
            },
            "tags_all": {
              "Name": "test-keypair"
            }
          },
          "sensitive_attributes": [],
          "private": "eyJzY2hlbWFfdmVyc2lvbiI6IjEifQ==",
          "dependencies": [
            "tls_private_key.instance"
          ]
        }
      ]
    },
    {
      "mode": "managed",
      "type": "aws_nat_gateway",
      "name": "gwnat",
      "provider": "provider[\"registry.terraform.io/hashicorp/aws\"]",
      "instances": [
        {
          "schema_version": 0,
          "attributes": {
            "allocation_id": "eipalloc-0305fcc1e73e50008",
            "connectivity_type": "public",
            "id": "nat-0faaedbbbb286072f",
            "network_interface_id": "eni-0fdf9a64f4f347272",
            "private_ip": "10.0.1.180",
            "public_ip": "54.210.190.244",
            "subnet_id": "subnet-0a1034f886ee1debe",
            "tags": {},
            "tags_all": {}
          },
          "sensitive_attributes": [],
          "private": "bnVsbA==",
          "dependencies": [
            "aws_eip.elastic_ip",
            "aws_subnet.first_public",
            "aws_vpc.myvpc"
          ]
        }
      ]
    },
    {
      "mode": "managed",
      "type": "aws_route",
      "name": "private_route",
      "provider": "provider[\"registry.terraform.io/hashicorp/aws\"]",
      "instances": [
        {
          "schema_version": 0,
          "attributes": {
            "carrier_gateway_id": "",
            "core_network_arn": "",
            "destination_cidr_block": "0.0.0.0/0",
            "destination_ipv6_cidr_block": "",
            "destination_prefix_list_id": "",
            "egress_only_gateway_id": "",
            "gateway_id": "",
            "id": "r-rtb-088f98fb2523dcf6d1080289494",
            "instance_id": "",
            "instance_owner_id": "",
            "local_gateway_id": "",
            "nat_gateway_id": "nat-0faaedbbbb286072f",
            "network_interface_id": "",
            "origin": "CreateRoute",
            "route_table_id": "rtb-088f98fb2523dcf6d",
            "state": "active",
            "timeouts": null,
            "transit_gateway_id": "",
            "vpc_endpoint_id": "",
            "vpc_peering_connection_id": ""
          },
          "sensitive_attributes": [],
          "private": "eyJlMmJmYjczMC1lY2FhLTExZTYtOGY4OC0zNDM2M2JjN2M0YzAiOnsiY3JlYXRlIjozMDAwMDAwMDAwMDAsImRlbGV0ZSI6MzAwMDAwMDAwMDAwLCJ1cGRhdGUiOjEyMDAwMDAwMDAwMH19",
          "dependencies": [
            "aws_nat_gateway.gwnat",
            "aws_route_table.private"
          ]
        }
      ]
    },
    {
      "mode": "managed",
      "type": "aws_route",
      "name": "public_route",
      "provider": "provider[\"registry.terraform.io/hashicorp/aws\"]",
      "instances": [
        {
          "schema_version": 0,
          "attributes": {
            "carrier_gateway_id": "",
            "core_network_arn": "",
            "destination_cidr_block": "0.0.0.0/0",
            "destination_ipv6_cidr_block": "",
            "destination_prefix_list_id": "",
            "egress_only_gateway_id": "",
            "gateway_id": "igw-080a5189c4d2519c6",
            "id": "r-rtb-0ec64e583ad2747191080289494",
            "instance_id": "",
            "instance_owner_id": "",
            "local_gateway_id": "",
            "nat_gateway_id": "",
            "network_interface_id": "",
            "origin": "CreateRoute",
            "route_table_id": "rtb-0ec64e583ad274719",
            "state": "active",
            "timeouts": null,
            "transit_gateway_id": "",
            "vpc_endpoint_id": "",
            "vpc_peering_connection_id": ""
          },
          "sensitive_attributes": [],
          "private": "eyJlMmJmYjczMC1lY2FhLTExZTYtOGY4OC0zNDM2M2JjN2M0YzAiOnsiY3JlYXRlIjozMDAwMDAwMDAwMDAsImRlbGV0ZSI6MzAwMDAwMDAwMDAwLCJ1cGRhdGUiOjEyMDAwMDAwMDAwMH19",
          "dependencies": [
            "aws_internet_gateway.igw",
            "aws_route_table.public",
            "aws_vpc.myvpc"
          ]
        }
      ]
    },
    {
      "mode": "managed",
      "type": "aws_route_table",
      "name": "private",
      "provider": "provider[\"registry.terraform.io/hashicorp/aws\"]",
      "instances": [
        {
          "schema_version": 0,
          "attributes": {
            "arn": "arn:aws:ec2:us-east-1:025584964672:route-table/rtb-088f98fb2523dcf6d",
            "id": "rtb-088f98fb2523dcf6d",
            "owner_id": "025584964672",
            "propagating_vgws": [],
            "route": [
              {
                "carrier_gateway_id": "",
                "cidr_block": "0.0.0.0/0",
                "core_network_arn": "",
                "destination_prefix_list_id": "",
                "egress_only_gateway_id": "",
                "gateway_id": "",
                "instance_id": "",
                "ipv6_cidr_block": "",
                "local_gateway_id": "",
                "nat_gateway_id": "nat-0faaedbbbb286072f",
                "network_interface_id": "",
                "transit_gateway_id": "",
                "vpc_endpoint_id": "",
                "vpc_peering_connection_id": ""
              }
            ],
            "tags": {},
            "tags_all": {},
            "timeouts": null,
            "vpc_id": "vpc-0db27ad0e46609cbc"
          },
          "sensitive_attributes": [],
          "private": "eyJlMmJmYjczMC1lY2FhLTExZTYtOGY4OC0zNDM2M2JjN2M0YzAiOnsiY3JlYXRlIjozMDAwMDAwMDAwMDAsImRlbGV0ZSI6MzAwMDAwMDAwMDAwLCJ1cGRhdGUiOjEyMDAwMDAwMDAwMH19",
          "dependencies": [
            "aws_vpc.myvpc"
          ]
        }
      ]
    },
    {
      "mode": "managed",
      "type": "aws_route_table",
      "name": "public",
      "provider": "provider[\"registry.terraform.io/hashicorp/aws\"]",
      "instances": [
        {
          "schema_version": 0,
          "attributes": {
            "arn": "arn:aws:ec2:us-east-1:025584964672:route-table/rtb-0ec64e583ad274719",
            "id": "rtb-0ec64e583ad274719",
            "owner_id": "025584964672",
            "propagating_vgws": [],
            "route": [
              {
                "carrier_gateway_id": "",
                "cidr_block": "0.0.0.0/0",
                "core_network_arn": "",
                "destination_prefix_list_id": "",
                "egress_only_gateway_id": "",
                "gateway_id": "igw-080a5189c4d2519c6",
                "instance_id": "",
                "ipv6_cidr_block": "",
                "local_gateway_id": "",
                "nat_gateway_id": "",
                "network_interface_id": "",
                "transit_gateway_id": "",
                "vpc_endpoint_id": "",
                "vpc_peering_connection_id": ""
              }
            ],
            "tags": {},
            "tags_all": {},
            "timeouts": null,
            "vpc_id": "vpc-0db27ad0e46609cbc"
          },
          "sensitive_attributes": [],
          "private": "eyJlMmJmYjczMC1lY2FhLTExZTYtOGY4OC0zNDM2M2JjN2M0YzAiOnsiY3JlYXRlIjozMDAwMDAwMDAwMDAsImRlbGV0ZSI6MzAwMDAwMDAwMDAwLCJ1cGRhdGUiOjEyMDAwMDAwMDAwMH19",
          "dependencies": [
            "aws_vpc.myvpc"
          ]
        }
      ]
    },
    {
      "mode": "managed",
      "type": "aws_route_table_association",
      "name": "first_private",
      "provider": "provider[\"registry.terraform.io/hashicorp/aws\"]",
      "instances": [
        {
          "schema_version": 0,
          "attributes": {
            "gateway_id": "",
            "id": "rtbassoc-0228c5b219e273a08",
            "route_table_id": "rtb-088f98fb2523dcf6d",
            "subnet_id": "subnet-0091b603fbffcc19c"
          },
          "sensitive_attributes": [],
          "private": "bnVsbA==",
          "dependencies": [
            "aws_route_table.private",
            "aws_subnet.first_private",
            "aws_vpc.myvpc"
          ]
        }
      ]
    },
    {
      "mode": "managed",
      "type": "aws_route_table_association",
      "name": "first_public",
      "provider": "provider[\"registry.terraform.io/hashicorp/aws\"]",
      "instances": [
        {
          "schema_version": 0,
          "attributes": {
            "gateway_id": "",
            "id": "rtbassoc-02cde26739f14e947",
            "route_table_id": "rtb-0ec64e583ad274719",
            "subnet_id": "subnet-0a1034f886ee1debe"
          },
          "sensitive_attributes": [],
          "private": "bnVsbA==",
          "dependencies": [
            "aws_route_table.public",
            "aws_subnet.first_public",
            "aws_vpc.myvpc"
          ]
        }
      ]
    },
    {
      "mode": "managed",
      "type": "aws_route_table_association",
      "name": "second_private",
      "provider": "provider[\"registry.terraform.io/hashicorp/aws\"]",
      "instances": [
        {
          "schema_version": 0,
          "attributes": {
            "gateway_id": "",
            "id": "rtbassoc-073c8e3b62d657fc1",
            "route_table_id": "rtb-088f98fb2523dcf6d",
            "subnet_id": "subnet-08134f054fcafdd0c"
          },
          "sensitive_attributes": [],
          "private": "bnVsbA==",
          "dependencies": [
            "aws_route_table.private",
            "aws_subnet.second_private",
            "aws_vpc.myvpc"
          ]
        }
      ]
    },
    {
      "mode": "managed",
      "type": "aws_route_table_association",
      "name": "second_public",
      "provider": "provider[\"registry.terraform.io/hashicorp/aws\"]",
      "instances": [
        {
          "schema_version": 0,
          "attributes": {
            "gateway_id": "",
            "id": "rtbassoc-08ba3c9092c14366f",
            "route_table_id": "rtb-0ec64e583ad274719",
            "subnet_id": "subnet-09b7136b3228fd049"
          },
          "sensitive_attributes": [],
          "private": "bnVsbA==",
          "dependencies": [
            "aws_route_table.public",
            "aws_subnet.second_public",
            "aws_vpc.myvpc"
          ]
        }
      ]
    },
    {
      "mode": "managed",
      "type": "aws_secretsmanager_secret",
      "name": "secretnew",
      "provider": "provider[\"registry.terraform.io/hashicorp/aws\"]",
      "instances": [
        {
          "schema_version": 0,
          "attributes": {
            "arn": "arn:aws:secretsmanager:us-east-1:025584964672:secret:secretnew-iQhGwk",
            "description": "",
            "force_overwrite_replica_secret": false,
            "id": "arn:aws:secretsmanager:us-east-1:025584964672:secret:secretnew-iQhGwk",
            "kms_key_id": "",
            "name": "secretnew",
            "name_prefix": "",
            "policy": "",
            "recovery_window_in_days": 30,
            "replica": [],
            "rotation_enabled": false,
            "rotation_lambda_arn": "",
            "rotation_rules": [],
            "tags": null,
            "tags_all": {}
          },
          "sensitive_attributes": [],
          "private": "bnVsbA=="
        }
      ]
    },
    {
      "mode": "managed",
      "type": "aws_secretsmanager_secret_version",
      "name": "smnew",
      "provider": "provider[\"registry.terraform.io/hashicorp/aws\"]",
      "instances": [
        {
          "schema_version": 0,
          "attributes": {
            "arn": "arn:aws:secretsmanager:us-east-1:025584964672:secret:secretnew-iQhGwk",
            "id": "arn:aws:secretsmanager:us-east-1:025584964672:secret:secretnew-iQhGwk|E57ADF57-F692-4C33-8F69-CB166E3668C5",
            "secret_binary": "",
            "secret_id": "arn:aws:secretsmanager:us-east-1:025584964672:secret:secretnew-iQhGwk",
            "secret_string": "-----BEGIN RSA PRIVATE KEY-----\nMIIEpAIBAAKCAQEAxV5rLm0ghboHn/dPJuaVGktGd+xOAHtFl2XKve+3+bBbz1JY\nV0uk20H1jXNgI1GF/IcP+TagIDAzdz+se8FsfwSe8UR3xBkaKLMi3DKDiV2qS6o+\nx9wMuHkp0JnBo7xngLEFMRsYmp4Oi8IMBBWWJEMMYQy4NnRbehkKgYGTGex+D8XY\nDhlMwf6nLB4HrfpFMLizLdV1V+C7c/CXUV8sVVFKFOhn+Hzu7qPnayQDAZFJjKuG\nPs1L7jzBPH+ch7LJ1zpg1Lhfb8WDkzQstvNNJe+MXBYQN1Z027VPvoUf/xvlF3PP\nyosMROu2DeMvFMsXwnLf6JII7D9/XdmFLBXI6wIDAQABAoIBACJl6Ew5HLfxyi5p\nDdR7z3S7tdZkyttuoJxYU1NzGh9cS0QA2ACu4FaOUluKxjChnrZ6W6BVkubJP88C\nu+79sQkaJxFpm24D6fk571NtQluIhYuWakau5VCpXU5L3eHJjkhxkbQTQuB/t41I\nDowPrxE21kt7ygdDlEXdY2VazeZwcJjSHLKHuGau84AXLiFkyv78UFVxhZPoAciX\ngjGndSXYpVxDEIAPRt8oXdlP/ARndHXFKJldlR6zE1L5KcTyedhxbyfPqu2sDfXb\nmfouptkabSQSuuS2J+tmL71VcT28ZC1sH7ANFI2Hoj7xPYTdPc3rKgMTt3u1uNwL\nDAK5OLECgYEA8wUwGoQPfhgapkevPdlPd1q9NOrzgAXQDprngnzTizg0JY/LLwcA\n5thLWNKEgeK60tp/9JZSs7hX9/HuKKE86k0vHq/fUQyFc8jNkQVjFDN4Y78nSdQK\nBGP637F1cDQWGg1d3OZA5cHg8P6YEw2K6HU/nQi5//Z1KOZpXYywCx0CgYEAz+kK\nEvZ2ZjXlY5NIaZ8rWwrB/zr/HfIOwS9uPEuzPMOw5/wd96baxbxDYG7N6gEKWj+9\nEK7AG8SR26sznaFsWjTvnCBNUVPO4oTAWmMmJD48vsSmt+B5NMUM5EAL6I+Xhg6E\nSPQNFY3XRR0zbl71LR+5poRFWj36SeAysor5XacCgYEA8Rl1huj74dKSJeO6lTbS\nYwxP6H8sgxfBOawvAMNMsLNa8OT+5LIjD+MIpZ99vMqvJN+H0KWOeSTriV6pM//7\nSky28c/0UxmEEMHoR/c7O+BwkS0lElbedUqnq2QIqf/S6ZfXRn/dZNR7kTxUrZpi\n9IrWSLpOpgXiaGhnolsgkHUCgYEAkJBIWfEXWHCHRJqHUjHDkrVDOPXLqAXELp2N\nN82nHkwveM68A5P4MF98NdQ1x0zb5u7ExpHLsEMY7DX5WNSCI6MFLHjlafQtOSH3\nIaIpRjAkSr0v81DY1lFhamACJ72YLTVw080mP+N1WHA6b7cFIVAa5Wa5Vksb+jwy\n5CRvyacCgYA3tBhWxqDsTl9jnlCTpq501cptsQltEh/Exb70D5r8RRS0F10PIu0P\npgzfbAGhyCgjomric/cI2MTa/f7xbXsiymrCrasyyCyG0KqmoS/prdCbZN6PSEHk\n8YH9eFxgLzUWei5V3rcpciQVuO5spn95xHWN0sAyWeL/6DAYw8Jazw==\n-----END RSA PRIVATE KEY-----\n",
            "version_id": "E57ADF57-F692-4C33-8F69-CB166E3668C5",
            "version_stages": [
              "AWSCURRENT"
            ]
          },
          "sensitive_attributes": [
            [
              {
                "type": "get_attr",
                "value": "secret_string"
              }
            ]
          ],
          "private": "bnVsbA==",
          "dependencies": [
            "aws_secretsmanager_secret.secretnew",
            "tls_private_key.instance"
          ]
        }
      ]
    },
    {
      "mode": "managed",
      "type": "aws_security_group",
      "name": "allow_ssh",
      "provider": "provider[\"registry.terraform.io/hashicorp/aws\"]",
      "instances": [
        {
          "schema_version": 1,
          "attributes": {
            "arn": "arn:aws:ec2:us-east-1:025584964672:security-group/sg-0bbe181d8f1bc9545",
            "description": "Allow ssh inbound traffic",
            "egress": [
              {
                "cidr_blocks": [
                  "0.0.0.0/0"
                ],
                "description": "",
                "from_port": 0,
                "ipv6_cidr_blocks": [],
                "prefix_list_ids": [],
                "protocol": "-1",
                "security_groups": [],
                "self": false,
                "to_port": 0
              }
            ],
            "id": "sg-0bbe181d8f1bc9545",
            "ingress": [
              {
                "cidr_blocks": [
                  "0.0.0.0/0"
                ],
                "description": "ssh",
                "from_port": 22,
                "ipv6_cidr_blocks": [],
                "prefix_list_ids": [],
                "protocol": "tcp",
                "security_groups": [],
                "self": false,
                "to_port": 22
              }
            ],
            "name": "allow_ssh",
            "name_prefix": "",
            "owner_id": "025584964672",
            "revoke_rules_on_delete": false,
            "tags": {},
            "tags_all": {},
            "timeouts": null,
            "vpc_id": "vpc-0db27ad0e46609cbc"
          },
          "sensitive_attributes": [],
          "private": "eyJlMmJmYjczMC1lY2FhLTExZTYtOGY4OC0zNDM2M2JjN2M0YzAiOnsiY3JlYXRlIjo2MDAwMDAwMDAwMDAsImRlbGV0ZSI6OTAwMDAwMDAwMDAwfSwic2NoZW1hX3ZlcnNpb24iOiIxIn0=",
          "dependencies": [
            "aws_vpc.myvpc"
          ]
        }
      ]
    },
    {
      "mode": "managed",
      "type": "aws_security_group",
      "name": "allow_ssh3000",
      "provider": "provider[\"registry.terraform.io/hashicorp/aws\"]",
      "instances": [
        {
          "schema_version": 1,
          "attributes": {
            "arn": "arn:aws:ec2:us-east-1:025584964672:security-group/sg-063f05d663c9b7476",
            "description": "Allow inbound traffic",
            "egress": [
              {
                "cidr_blocks": [
                  "0.0.0.0/0"
                ],
                "description": "",
                "from_port": 0,
                "ipv6_cidr_blocks": [],
                "prefix_list_ids": [],
                "protocol": "-1",
                "security_groups": [],
                "self": false,
                "to_port": 0
              }
            ],
            "id": "sg-063f05d663c9b7476",
            "ingress": [
              {
                "cidr_blocks": [
                  "10.0.0.0/16"
                ],
                "description": "",
                "from_port": 3000,
                "ipv6_cidr_blocks": [],
                "prefix_list_ids": [],
                "protocol": "tcp",
                "security_groups": [],
                "self": false,
                "to_port": 3000
              },
              {
                "cidr_blocks": [
                  "10.0.0.0/16"
                ],
                "description": "ssh",
                "from_port": 22,
                "ipv6_cidr_blocks": [],
                "prefix_list_ids": [],
                "protocol": "tcp",
                "security_groups": [],
                "self": false,
                "to_port": 22
              }
            ],
            "name": "allow_ssh3000",
            "name_prefix": "",
            "owner_id": "025584964672",
            "revoke_rules_on_delete": false,
            "tags": {},
            "tags_all": {},
            "timeouts": null,
            "vpc_id": "vpc-0db27ad0e46609cbc"
          },
          "sensitive_attributes": [],
          "private": "eyJlMmJmYjczMC1lY2FhLTExZTYtOGY4OC0zNDM2M2JjN2M0YzAiOnsiY3JlYXRlIjo2MDAwMDAwMDAwMDAsImRlbGV0ZSI6OTAwMDAwMDAwMDAwfSwic2NoZW1hX3ZlcnNpb24iOiIxIn0=",
          "dependencies": [
            "aws_vpc.myvpc"
          ]
        }
      ]
    },
    {
      "mode": "managed",
      "type": "aws_subnet",
      "name": "first_private",
      "provider": "provider[\"registry.terraform.io/hashicorp/aws\"]",
      "instances": [
        {
          "schema_version": 1,
          "attributes": {
            "arn": "arn:aws:ec2:us-east-1:025584964672:subnet/subnet-0091b603fbffcc19c",
            "assign_ipv6_address_on_creation": false,
            "availability_zone": "us-east-1a",
            "availability_zone_id": "use1-az6",
            "cidr_block": "10.0.3.0/24",
            "customer_owned_ipv4_pool": "",
            "enable_dns64": false,
            "enable_resource_name_dns_a_record_on_launch": false,
            "enable_resource_name_dns_aaaa_record_on_launch": false,
            "id": "subnet-0091b603fbffcc19c",
            "ipv6_cidr_block": "",
            "ipv6_cidr_block_association_id": "",
            "ipv6_native": false,
            "map_customer_owned_ip_on_launch": false,
            "map_public_ip_on_launch": false,
            "outpost_arn": "",
            "owner_id": "025584964672",
            "private_dns_hostname_type_on_launch": "ip-name",
            "tags": {},
            "tags_all": {},
            "timeouts": null,
            "vpc_id": "vpc-0db27ad0e46609cbc"
          },
          "sensitive_attributes": [],
          "private": "eyJlMmJmYjczMC1lY2FhLTExZTYtOGY4OC0zNDM2M2JjN2M0YzAiOnsiY3JlYXRlIjo2MDAwMDAwMDAwMDAsImRlbGV0ZSI6MTIwMDAwMDAwMDAwMH0sInNjaGVtYV92ZXJzaW9uIjoiMSJ9",
          "dependencies": [
            "aws_vpc.myvpc"
          ]
        }
      ]
    },
    {
      "mode": "managed",
      "type": "aws_subnet",
      "name": "first_public",
      "provider": "provider[\"registry.terraform.io/hashicorp/aws\"]",
      "instances": [
        {
          "schema_version": 1,
          "attributes": {
            "arn": "arn:aws:ec2:us-east-1:025584964672:subnet/subnet-0a1034f886ee1debe",
            "assign_ipv6_address_on_creation": false,
            "availability_zone": "us-east-1a",
            "availability_zone_id": "use1-az6",
            "cidr_block": "10.0.1.0/24",
            "customer_owned_ipv4_pool": "",
            "enable_dns64": false,
            "enable_resource_name_dns_a_record_on_launch": false,
            "enable_resource_name_dns_aaaa_record_on_launch": false,
            "id": "subnet-0a1034f886ee1debe",
            "ipv6_cidr_block": "",
            "ipv6_cidr_block_association_id": "",
            "ipv6_native": false,
            "map_customer_owned_ip_on_launch": false,
            "map_public_ip_on_launch": true,
            "outpost_arn": "",
            "owner_id": "025584964672",
            "private_dns_hostname_type_on_launch": "ip-name",
            "tags": {},
            "tags_all": {},
            "timeouts": null,
            "vpc_id": "vpc-0db27ad0e46609cbc"
          },
          "sensitive_attributes": [],
          "private": "eyJlMmJmYjczMC1lY2FhLTExZTYtOGY4OC0zNDM2M2JjN2M0YzAiOnsiY3JlYXRlIjo2MDAwMDAwMDAwMDAsImRlbGV0ZSI6MTIwMDAwMDAwMDAwMH0sInNjaGVtYV92ZXJzaW9uIjoiMSJ9",
          "dependencies": [
            "aws_vpc.myvpc"
          ]
        }
      ]
    },
    {
      "mode": "managed",
      "type": "aws_subnet",
      "name": "second_private",
      "provider": "provider[\"registry.terraform.io/hashicorp/aws\"]",
      "instances": [
        {
          "schema_version": 1,
          "attributes": {
            "arn": "arn:aws:ec2:us-east-1:025584964672:subnet/subnet-08134f054fcafdd0c",
            "assign_ipv6_address_on_creation": false,
            "availability_zone": "us-east-1b",
            "availability_zone_id": "use1-az1",
            "cidr_block": "10.0.4.0/24",
            "customer_owned_ipv4_pool": "",
            "enable_dns64": false,
            "enable_resource_name_dns_a_record_on_launch": false,
            "enable_resource_name_dns_aaaa_record_on_launch": false,
            "id": "subnet-08134f054fcafdd0c",
            "ipv6_cidr_block": "",
            "ipv6_cidr_block_association_id": "",
            "ipv6_native": false,
            "map_customer_owned_ip_on_launch": false,
            "map_public_ip_on_launch": false,
            "outpost_arn": "",
            "owner_id": "025584964672",
            "private_dns_hostname_type_on_launch": "ip-name",
            "tags": {},
            "tags_all": {},
            "timeouts": null,
            "vpc_id": "vpc-0db27ad0e46609cbc"
          },
          "sensitive_attributes": [],
          "private": "eyJlMmJmYjczMC1lY2FhLTExZTYtOGY4OC0zNDM2M2JjN2M0YzAiOnsiY3JlYXRlIjo2MDAwMDAwMDAwMDAsImRlbGV0ZSI6MTIwMDAwMDAwMDAwMH0sInNjaGVtYV92ZXJzaW9uIjoiMSJ9",
          "dependencies": [
            "aws_vpc.myvpc"
          ]
        }
      ]
    },
    {
      "mode": "managed",
      "type": "aws_subnet",
      "name": "second_public",
      "provider": "provider[\"registry.terraform.io/hashicorp/aws\"]",
      "instances": [
        {
          "schema_version": 1,
          "attributes": {
            "arn": "arn:aws:ec2:us-east-1:025584964672:subnet/subnet-09b7136b3228fd049",
            "assign_ipv6_address_on_creation": false,
            "availability_zone": "us-east-1b",
            "availability_zone_id": "use1-az1",
            "cidr_block": "10.0.2.0/24",
            "customer_owned_ipv4_pool": "",
            "enable_dns64": false,
            "enable_resource_name_dns_a_record_on_launch": false,
            "enable_resource_name_dns_aaaa_record_on_launch": false,
            "id": "subnet-09b7136b3228fd049",
            "ipv6_cidr_block": "",
            "ipv6_cidr_block_association_id": "",
            "ipv6_native": false,
            "map_customer_owned_ip_on_launch": false,
            "map_public_ip_on_launch": true,
            "outpost_arn": "",
            "owner_id": "025584964672",
            "private_dns_hostname_type_on_launch": "ip-name",
            "tags": {},
            "tags_all": {},
            "timeouts": null,
            "vpc_id": "vpc-0db27ad0e46609cbc"
          },
          "sensitive_attributes": [],
          "private": "eyJlMmJmYjczMC1lY2FhLTExZTYtOGY4OC0zNDM2M2JjN2M0YzAiOnsiY3JlYXRlIjo2MDAwMDAwMDAwMDAsImRlbGV0ZSI6MTIwMDAwMDAwMDAwMH0sInNjaGVtYV92ZXJzaW9uIjoiMSJ9",
          "dependencies": [
            "aws_vpc.myvpc"
          ]
        }
      ]
    },
    {
      "mode": "managed",
      "type": "aws_vpc",
      "name": "myvpc",
      "provider": "provider[\"registry.terraform.io/hashicorp/aws\"]",
      "instances": [
        {
          "schema_version": 1,
          "attributes": {
            "arn": "arn:aws:ec2:us-east-1:025584964672:vpc/vpc-0db27ad0e46609cbc",
            "assign_generated_ipv6_cidr_block": false,
            "cidr_block": "10.0.0.0/16",
            "default_network_acl_id": "acl-0e9a5e9d2aaafcc7e",
            "default_route_table_id": "rtb-0284d765e8da09e69",
            "default_security_group_id": "sg-0d94347a972018f90",
            "dhcp_options_id": "dopt-0cd7e6bd7c763faa7",
            "enable_classiclink": false,
            "enable_classiclink_dns_support": false,
            "enable_dns_hostnames": false,
            "enable_dns_support": true,
            "id": "vpc-0db27ad0e46609cbc",
            "instance_tenancy": "default",
            "ipv4_ipam_pool_id": null,
            "ipv4_netmask_length": null,
            "ipv6_association_id": "",
            "ipv6_cidr_block": "",
            "ipv6_cidr_block_network_border_group": "",
            "ipv6_ipam_pool_id": "",
            "ipv6_netmask_length": 0,
            "main_route_table_id": "rtb-0284d765e8da09e69",
            "owner_id": "025584964672",
            "tags": {
              "Name": "main"
            },
            "tags_all": {
              "Name": "main"
            }
          },
          "sensitive_attributes": [],
          "private": "eyJzY2hlbWFfdmVyc2lvbiI6IjEifQ=="
        }
      ]
    },
    {
      "mode": "managed",
      "type": "tls_private_key",
      "name": "instance",
      "provider": "provider[\"registry.terraform.io/hashicorp/tls\"]",
      "instances": [
        {
          "schema_version": 0,
          "attributes": {
            "algorithm": "RSA",
            "ecdsa_curve": "P224",
            "id": "98e1316e9c18d38ccafc0d6a3a927c1557a7ac4d",
            "private_key_openssh": "-----BEGIN OPENSSH PRIVATE KEY-----\nb3BlbnNzaC1rZXktdjEAAAAABG5vbmUAAAAEbm9uZQAAAAAAAAABAAABFwAAAAdz\nc2gtcnNhAAAAAwEAAQAAAQEAxV5rLm0ghboHn/dPJuaVGktGd+xOAHtFl2XKve+3\n+bBbz1JYV0uk20H1jXNgI1GF/IcP+TagIDAzdz+se8FsfwSe8UR3xBkaKLMi3DKD\niV2qS6o+x9wMuHkp0JnBo7xngLEFMRsYmp4Oi8IMBBWWJEMMYQy4NnRbehkKgYGT\nGex+D8XYDhlMwf6nLB4HrfpFMLizLdV1V+C7c/CXUV8sVVFKFOhn+Hzu7qPnayQD\nAZFJjKuGPs1L7jzBPH+ch7LJ1zpg1Lhfb8WDkzQstvNNJe+MXBYQN1Z027VPvoUf\n/xvlF3PPyosMROu2DeMvFMsXwnLf6JII7D9/XdmFLBXI6wAAA7ja73pY2u96WAAA\nAAdzc2gtcnNhAAABAQDFXmsubSCFugef908m5pUaS0Z37E4Ae0WXZcq977f5sFvP\nUlhXS6TbQfWNc2AjUYX8hw/5NqAgMDN3P6x7wWx/BJ7xRHfEGRoosyLcMoOJXapL\nqj7H3Ay4eSnQmcGjvGeAsQUxGxiang6LwgwEFZYkQwxhDLg2dFt6GQqBgZMZ7H4P\nxdgOGUzB/qcsHget+kUwuLMt1XVX4Ltz8JdRXyxVUUoU6Gf4fO7uo+drJAMBkUmM\nq4Y+zUvuPME8f5yHssnXOmDUuF9vxYOTNCy2800l74xcFhA3VnTbtU++hR//G+UX\nc8/KiwxE67YN4y8UyxfCct/okgjsP39d2YUsFcjrAAAAAwEAAQAAAQAiZehMORy3\n8couaQ3Ue890u7XWZMrbbqCcWFNTcxofXEtEANgAruBWjlJbisYwoZ62elugVZLm\nyT/PArvu/bEJGicRaZtuA+n5Oe9TbUJbiIWLlmpGruVQqV1OS93hyY5IcZG0E0Lg\nf7eNSA6MD68RNtZLe8oHQ5RF3WNlWs3mcHCY0hyyh7hmrvOAFy4hZMr+/FBVcYWT\n6AHIl4Ixp3Ul2KVcQxCAD0bfKF3ZT/wEZ3R1xSiZXZUesxNS+SnE8nnYcW8nz6rt\nrA3125n6LqbZGm0kErrktifrZi+9VXE9vGQtbB+wDRSNh6I+8T2E3T3N6yoDE7d7\ntbjcCwwCuTixAAAAgDe0GFbGoOxOX2OeUJOmrnTVym2xCW0SH8TFvvQPmvxFFLQX\nXQ8i7Q+mDN9sAaHIKCOiauJz9wjYxNr9/vFteyLKasKtqzLILIbQqqahL+mt0Jtk\n3o9IQeTxgf14XGAvNRZ6LlXetylyJBW47mymf3nEdY3SwDJZ4v/oMBjDwlrPAAAA\ngQDzBTAahA9+GBqmR6892U93Wr006vOABdAOmueCfNOLODQlj8svBwDm2EtY0oSB\n4rrS2n/0llKzuFf38e4ooTzqTS8er99RDIVzyM2RBWMUM3hjvydJ1AoEY/rfsXVw\nNBYaDV3c5kDlweDw/pgTDYrodT+dCLn/9nUo5mldjLALHQAAAIEAz+kKEvZ2ZjXl\nY5NIaZ8rWwrB/zr/HfIOwS9uPEuzPMOw5/wd96baxbxDYG7N6gEKWj+9EK7AG8SR\n26sznaFsWjTvnCBNUVPO4oTAWmMmJD48vsSmt+B5NMUM5EAL6I+Xhg6ESPQNFY3X\nRR0zbl71LR+5poRFWj36SeAysor5XacAAAAAAQID\n-----END OPENSSH PRIVATE KEY-----\n",
            "private_key_pem": "-----BEGIN RSA PRIVATE KEY-----\nMIIEpAIBAAKCAQEAxV5rLm0ghboHn/dPJuaVGktGd+xOAHtFl2XKve+3+bBbz1JY\nV0uk20H1jXNgI1GF/IcP+TagIDAzdz+se8FsfwSe8UR3xBkaKLMi3DKDiV2qS6o+\nx9wMuHkp0JnBo7xngLEFMRsYmp4Oi8IMBBWWJEMMYQy4NnRbehkKgYGTGex+D8XY\nDhlMwf6nLB4HrfpFMLizLdV1V+C7c/CXUV8sVVFKFOhn+Hzu7qPnayQDAZFJjKuG\nPs1L7jzBPH+ch7LJ1zpg1Lhfb8WDkzQstvNNJe+MXBYQN1Z027VPvoUf/xvlF3PP\nyosMROu2DeMvFMsXwnLf6JII7D9/XdmFLBXI6wIDAQABAoIBACJl6Ew5HLfxyi5p\nDdR7z3S7tdZkyttuoJxYU1NzGh9cS0QA2ACu4FaOUluKxjChnrZ6W6BVkubJP88C\nu+79sQkaJxFpm24D6fk571NtQluIhYuWakau5VCpXU5L3eHJjkhxkbQTQuB/t41I\nDowPrxE21kt7ygdDlEXdY2VazeZwcJjSHLKHuGau84AXLiFkyv78UFVxhZPoAciX\ngjGndSXYpVxDEIAPRt8oXdlP/ARndHXFKJldlR6zE1L5KcTyedhxbyfPqu2sDfXb\nmfouptkabSQSuuS2J+tmL71VcT28ZC1sH7ANFI2Hoj7xPYTdPc3rKgMTt3u1uNwL\nDAK5OLECgYEA8wUwGoQPfhgapkevPdlPd1q9NOrzgAXQDprngnzTizg0JY/LLwcA\n5thLWNKEgeK60tp/9JZSs7hX9/HuKKE86k0vHq/fUQyFc8jNkQVjFDN4Y78nSdQK\nBGP637F1cDQWGg1d3OZA5cHg8P6YEw2K6HU/nQi5//Z1KOZpXYywCx0CgYEAz+kK\nEvZ2ZjXlY5NIaZ8rWwrB/zr/HfIOwS9uPEuzPMOw5/wd96baxbxDYG7N6gEKWj+9\nEK7AG8SR26sznaFsWjTvnCBNUVPO4oTAWmMmJD48vsSmt+B5NMUM5EAL6I+Xhg6E\nSPQNFY3XRR0zbl71LR+5poRFWj36SeAysor5XacCgYEA8Rl1huj74dKSJeO6lTbS\nYwxP6H8sgxfBOawvAMNMsLNa8OT+5LIjD+MIpZ99vMqvJN+H0KWOeSTriV6pM//7\nSky28c/0UxmEEMHoR/c7O+BwkS0lElbedUqnq2QIqf/S6ZfXRn/dZNR7kTxUrZpi\n9IrWSLpOpgXiaGhnolsgkHUCgYEAkJBIWfEXWHCHRJqHUjHDkrVDOPXLqAXELp2N\nN82nHkwveM68A5P4MF98NdQ1x0zb5u7ExpHLsEMY7DX5WNSCI6MFLHjlafQtOSH3\nIaIpRjAkSr0v81DY1lFhamACJ72YLTVw080mP+N1WHA6b7cFIVAa5Wa5Vksb+jwy\n5CRvyacCgYA3tBhWxqDsTl9jnlCTpq501cptsQltEh/Exb70D5r8RRS0F10PIu0P\npgzfbAGhyCgjomric/cI2MTa/f7xbXsiymrCrasyyCyG0KqmoS/prdCbZN6PSEHk\n8YH9eFxgLzUWei5V3rcpciQVuO5spn95xHWN0sAyWeL/6DAYw8Jazw==\n-----END RSA PRIVATE KEY-----\n",
            "public_key_fingerprint_md5": "93:c6:bd:ef:79:15:5f:f5:e6:d2:f5:e6:32:1c:fb:21",
            "public_key_fingerprint_sha256": "SHA256:m1MjUbpPq+V+8XTsfMfC9PciYP1MYFxK891TNZfLoaI",
            "public_key_openssh": "ssh-rsa AAAAB3NzaC1yc2EAAAADAQABAAABAQDFXmsubSCFugef908m5pUaS0Z37E4Ae0WXZcq977f5sFvPUlhXS6TbQfWNc2AjUYX8hw/5NqAgMDN3P6x7wWx/BJ7xRHfEGRoosyLcMoOJXapLqj7H3Ay4eSnQmcGjvGeAsQUxGxiang6LwgwEFZYkQwxhDLg2dFt6GQqBgZMZ7H4PxdgOGUzB/qcsHget+kUwuLMt1XVX4Ltz8JdRXyxVUUoU6Gf4fO7uo+drJAMBkUmMq4Y+zUvuPME8f5yHssnXOmDUuF9vxYOTNCy2800l74xcFhA3VnTbtU++hR//G+UXc8/KiwxE67YN4y8UyxfCct/okgjsP39d2YUsFcjr\n",
            "public_key_pem": "-----BEGIN PUBLIC KEY-----\nMIIBIjANBgkqhkiG9w0BAQEFAAOCAQ8AMIIBCgKCAQEAxV5rLm0ghboHn/dPJuaV\nGktGd+xOAHtFl2XKve+3+bBbz1JYV0uk20H1jXNgI1GF/IcP+TagIDAzdz+se8Fs\nfwSe8UR3xBkaKLMi3DKDiV2qS6o+x9wMuHkp0JnBo7xngLEFMRsYmp4Oi8IMBBWW\nJEMMYQy4NnRbehkKgYGTGex+D8XYDhlMwf6nLB4HrfpFMLizLdV1V+C7c/CXUV8s\nVVFKFOhn+Hzu7qPnayQDAZFJjKuGPs1L7jzBPH+ch7LJ1zpg1Lhfb8WDkzQstvNN\nJe+MXBYQN1Z027VPvoUf/xvlF3PPyosMROu2DeMvFMsXwnLf6JII7D9/XdmFLBXI\n6wIDAQAB\n-----END PUBLIC KEY-----\n",
            "rsa_bits": 2048
          },
          "sensitive_attributes": [],
          "private": "bnVsbA=="
        }
      ]
    }
  ]
}
