{
  "version": 4,
  "terraform_version": "1.2.3",
  "serial": 103,
  "lineage": "69d2fb09-e2be-3d2e-b7a3-87796af94609",
  "outputs": {},
  "resources": [
    {
      "mode": "data",
      "type": "aws_ami",
      "name": "ubuntu",
      "provider": "provider[\"registry.terraform.io/hashicorp/aws\"]",
      "instances": [
        {
          "schema_version": 0,
          "attributes": {
            "architecture": "x86_64",
            "arn": "arn:aws:ec2:us-east-1::image/ami-0070c5311b7677678",
            "block_device_mappings": [
              {
                "device_name": "/dev/sda1",
                "ebs": {
                  "delete_on_termination": "true",
                  "encrypted": "false",
                  "iops": "0",
                  "snapshot_id": "snap-0db3735e6b7f08d2c",
                  "throughput": "0",
                  "volume_size": "8",
                  "volume_type": "gp2"
                },
                "no_device": "",
                "virtual_name": ""
              },
              {
                "device_name": "/dev/sdb",
                "ebs": {},
                "no_device": "",
                "virtual_name": "ephemeral0"
              },
              {
                "device_name": "/dev/sdc",
                "ebs": {},
                "no_device": "",
                "virtual_name": "ephemeral1"
              }
            ],
            "boot_mode": "",
            "creation_date": "2022-07-07T00:49:12.000Z",
            "deprecation_time": "2024-07-07T00:49:12.000Z",
            "description": "Canonical, Ubuntu, 20.04 LTS, amd64 focal image build on 2022-07-06",
            "ena_support": true,
            "executable_users": null,
            "filter": [
              {
                "name": "name",
                "values": [
                  "ubuntu/images/hvm-ssd/ubuntu-focal-20.04-amd64-server-*"
                ]
              },
              {
                "name": "virtualization-type",
                "values": [
                  "hvm"
                ]
              }
            ],
            "hypervisor": "xen",
            "id": "ami-0070c5311b7677678",
            "image_id": "ami-0070c5311b7677678",
            "image_location": "099720109477/ubuntu/images/hvm-ssd/ubuntu-focal-20.04-amd64-server-20220706",
            "image_owner_alias": "",
            "image_type": "machine",
            "include_deprecated": false,
            "kernel_id": "",
            "most_recent": true,
            "name": "ubuntu/images/hvm-ssd/ubuntu-focal-20.04-amd64-server-20220706",
            "name_regex": null,
            "owner_id": "099720109477",
            "owners": [
              "099720109477"
            ],
            "platform": "",
            "platform_details": "Linux/UNIX",
            "product_codes": [],
            "public": true,
            "ramdisk_id": "",
            "root_device_name": "/dev/sda1",
            "root_device_type": "ebs",
            "root_snapshot_id": "snap-0db3735e6b7f08d2c",
            "sriov_net_support": "simple",
            "state": "available",
            "state_reason": {
              "code": "UNSET",
              "message": "UNSET"
            },
            "tags": {},
            "tpm_support": "",
            "usage_operation": "RunInstances",
            "virtualization_type": "hvm"
          },
          "sensitive_attributes": []
        }
      ]
    },
    {
      "mode": "managed",
      "type": "aws_eip",
      "name": "elastic_ip",
      "provider": "provider[\"registry.terraform.io/hashicorp/aws\"]",
      "instances": [
        {
          "schema_version": 0,
          "attributes": {
            "address": null,
            "allocation_id": "eipalloc-0ce85fb416e718bd7",
            "associate_with_private_ip": null,
            "association_id": "eipassoc-01129b163bee3525b",
            "carrier_ip": "",
            "customer_owned_ip": "",
            "customer_owned_ipv4_pool": "",
            "domain": "vpc",
            "id": "eipalloc-0ce85fb416e718bd7",
            "instance": "",
            "network_border_group": "us-east-1",
            "network_interface": "eni-0040cfb9452af5256",
            "private_dns": "ip-10-0-1-146.ec2.internal",
            "private_ip": "10.0.1.146",
            "public_dns": "ec2-52-54-55-68.compute-1.amazonaws.com",
            "public_ip": "52.54.55.68",
            "public_ipv4_pool": "amazon",
            "tags": {},
            "tags_all": {},
            "timeouts": null,
            "vpc": true
          },
          "sensitive_attributes": [],
          "private": "eyJlMmJmYjczMC1lY2FhLTExZTYtOGY4OC0zNDM2M2JjN2M0YzAiOnsiZGVsZXRlIjoxODAwMDAwMDAwMDAsInJlYWQiOjkwMDAwMDAwMDAwMCwidXBkYXRlIjozMDAwMDAwMDAwMDB9fQ=="
        }
      ]
    },
    {
      "mode": "managed",
      "type": "aws_instance",
      "name": "app",
      "provider": "provider[\"registry.terraform.io/hashicorp/aws\"]",
      "instances": [
        {
          "schema_version": 1,
          "attributes": {
            "ami": "ami-0070c5311b7677678",
            "arn": "arn:aws:ec2:us-east-1:025584964672:instance/i-0ea087752013cffc3",
            "associate_public_ip_address": false,
            "availability_zone": "us-east-1a",
            "capacity_reservation_specification": [
              {
                "capacity_reservation_preference": "open",
                "capacity_reservation_target": []
              }
            ],
            "cpu_core_count": 1,
            "cpu_threads_per_core": 1,
            "credit_specification": [
              {
                "cpu_credits": "standard"
              }
            ],
            "disable_api_stop": false,
            "disable_api_termination": false,
            "ebs_block_device": [],
            "ebs_optimized": false,
            "enclave_options": [
              {
                "enabled": false
              }
            ],
            "ephemeral_block_device": [],
            "get_password_data": false,
            "hibernation": false,
            "host_id": null,
            "iam_instance_profile": "",
            "id": "i-0ea087752013cffc3",
            "instance_initiated_shutdown_behavior": "stop",
            "instance_state": "running",
            "instance_type": "t2.micro",
            "ipv6_address_count": 0,
            "ipv6_addresses": [],
            "key_name": "test-keypair",
            "launch_template": [],
            "maintenance_options": [
              {
                "auto_recovery": "default"
              }
            ],
            "metadata_options": [
              {
                "http_endpoint": "enabled",
                "http_put_response_hop_limit": 1,
                "http_tokens": "optional",
                "instance_metadata_tags": "disabled"
              }
            ],
            "monitoring": false,
            "network_interface": [],
            "outpost_arn": "",
            "password_data": "",
            "placement_group": "",
            "placement_partition_number": null,
            "primary_network_interface_id": "eni-03a78d2bda09705e1",
            "private_dns": "ip-10-0-3-107.ec2.internal",
            "private_dns_name_options": [
              {
                "enable_resource_name_dns_a_record": false,
                "enable_resource_name_dns_aaaa_record": false,
                "hostname_type": "ip-name"
              }
            ],
            "private_ip": "10.0.3.107",
            "public_dns": "",
            "public_ip": "",
            "root_block_device": [
              {
                "delete_on_termination": true,
                "device_name": "/dev/sda1",
                "encrypted": false,
                "iops": 100,
                "kms_key_id": "",
                "tags": {},
                "throughput": 0,
                "volume_id": "vol-01467c33e2a00304d",
                "volume_size": 8,
                "volume_type": "gp2"
              }
            ],
            "secondary_private_ips": [],
            "security_groups": [],
            "source_dest_check": true,
            "subnet_id": "subnet-03f06f7222be92f14",
            "tags": {},
            "tags_all": {},
            "tenancy": "default",
            "timeouts": null,
            "user_data": null,
            "user_data_base64": null,
            "user_data_replace_on_change": false,
            "volume_tags": null,
            "vpc_security_group_ids": [
              "sg-07e2ee0acbc70b915"
            ]
          },
          "sensitive_attributes": [],
          "private": "eyJlMmJmYjczMC1lY2FhLTExZTYtOGY4OC0zNDM2M2JjN2M0YzAiOnsiY3JlYXRlIjo2MDAwMDAwMDAwMDAsImRlbGV0ZSI6MTIwMDAwMDAwMDAwMCwidXBkYXRlIjo2MDAwMDAwMDAwMDB9LCJzY2hlbWFfdmVyc2lvbiI6IjEifQ==",
          "dependencies": [
            "aws_key_pair.instance",
            "aws_security_group.allow_ssh3000",
            "aws_subnet.first_private",
            "aws_vpc.myvpc",
            "data.aws_ami.ubuntu",
            "tls_private_key.instance"
          ]
        }
      ]
    },
    {
      "mode": "managed",
      "type": "aws_instance",
      "name": "bastion",
      "provider": "provider[\"registry.terraform.io/hashicorp/aws\"]",
      "instances": [
        {
          "schema_version": 1,
          "attributes": {
            "ami": "ami-0070c5311b7677678",
            "arn": "arn:aws:ec2:us-east-1:025584964672:instance/i-0248eef5c4d3598c6",
            "associate_public_ip_address": true,
            "availability_zone": "us-east-1a",
            "capacity_reservation_specification": [
              {
                "capacity_reservation_preference": "open",
                "capacity_reservation_target": []
              }
            ],
            "cpu_core_count": 1,
            "cpu_threads_per_core": 1,
            "credit_specification": [
              {
                "cpu_credits": "standard"
              }
            ],
            "disable_api_stop": false,
            "disable_api_termination": false,
            "ebs_block_device": [],
            "ebs_optimized": false,
            "enclave_options": [
              {
                "enabled": false
              }
            ],
            "ephemeral_block_device": [],
            "get_password_data": false,
            "hibernation": false,
            "host_id": null,
            "iam_instance_profile": "",
            "id": "i-0248eef5c4d3598c6",
            "instance_initiated_shutdown_behavior": "stop",
            "instance_state": "running",
            "instance_type": "t2.micro",
            "ipv6_address_count": 0,
            "ipv6_addresses": [],
            "key_name": "test-keypair",
            "launch_template": [],
            "maintenance_options": [
              {
                "auto_recovery": "default"
              }
            ],
            "metadata_options": [
              {
                "http_endpoint": "enabled",
                "http_put_response_hop_limit": 1,
                "http_tokens": "optional",
                "instance_metadata_tags": "disabled"
              }
            ],
            "monitoring": false,
            "network_interface": [],
            "outpost_arn": "",
            "password_data": "",
            "placement_group": "",
            "placement_partition_number": null,
            "primary_network_interface_id": "eni-07b26bfa274ce8d3b",
            "private_dns": "ip-10-0-1-206.ec2.internal",
            "private_dns_name_options": [
              {
                "enable_resource_name_dns_a_record": false,
                "enable_resource_name_dns_aaaa_record": false,
                "hostname_type": "ip-name"
              }
            ],
            "private_ip": "10.0.1.206",
            "public_dns": "",
            "public_ip": "54.147.86.69",
            "root_block_device": [
              {
                "delete_on_termination": true,
                "device_name": "/dev/sda1",
                "encrypted": false,
                "iops": 100,
                "kms_key_id": "",
                "tags": {},
                "throughput": 0,
                "volume_id": "vol-05483afd5b3be9943",
                "volume_size": 8,
                "volume_type": "gp2"
              }
            ],
            "secondary_private_ips": [],
            "security_groups": [],
            "source_dest_check": true,
            "subnet_id": "subnet-03cc6bacd55e42fb6",
            "tags": {},
            "tags_all": {},
            "tenancy": "default",
            "timeouts": null,
            "user_data": null,
            "user_data_base64": null,
            "user_data_replace_on_change": false,
            "volume_tags": null,
            "vpc_security_group_ids": [
              "sg-0ad0bb173790e8ebe"
            ]
          },
          "sensitive_attributes": [],
          "private": "eyJlMmJmYjczMC1lY2FhLTExZTYtOGY4OC0zNDM2M2JjN2M0YzAiOnsiY3JlYXRlIjo2MDAwMDAwMDAwMDAsImRlbGV0ZSI6MTIwMDAwMDAwMDAwMCwidXBkYXRlIjo2MDAwMDAwMDAwMDB9LCJzY2hlbWFfdmVyc2lvbiI6IjEifQ==",
          "dependencies": [
            "aws_key_pair.instance",
            "aws_security_group.allow_ssh",
            "aws_subnet.first_public",
            "aws_vpc.myvpc",
            "data.aws_ami.ubuntu",
            "tls_private_key.instance"
          ]
        }
      ]
    },
    {
      "mode": "managed",
      "type": "aws_internet_gateway",
      "name": "igw",
      "provider": "provider[\"registry.terraform.io/hashicorp/aws\"]",
      "instances": [
        {
          "schema_version": 0,
          "attributes": {
            "arn": "arn:aws:ec2:us-east-1:025584964672:internet-gateway/igw-063abf1fb4edda75e",
            "id": "igw-063abf1fb4edda75e",
            "owner_id": "025584964672",
            "tags": {
              "Name": "igw"
            },
            "tags_all": {
              "Name": "igw"
            },
            "vpc_id": "vpc-03454bdea3d4b876e"
          },
          "sensitive_attributes": [],
          "private": "bnVsbA==",
          "dependencies": [
            "aws_vpc.myvpc"
          ]
        }
      ]
    },
    {
      "mode": "managed",
      "type": "aws_key_pair",
      "name": "instance",
      "provider": "provider[\"registry.terraform.io/hashicorp/aws\"]",
      "instances": [
        {
          "schema_version": 1,
          "attributes": {
            "arn": "arn:aws:ec2:us-east-1:025584964672:key-pair/test-keypair",
            "fingerprint": "f0:b1:c9:41:f9:29:09:92:cd:f7:57:d6:02:2b:90:1e",
            "id": "test-keypair",
            "key_name": "test-keypair",
            "key_name_prefix": "",
            "key_pair_id": "key-0908ff7c337386ca1",
            "key_type": "rsa",
            "public_key": "ssh-rsa AAAAB3NzaC1yc2EAAAADAQABAAABAQDGMLYPGPX9Rt5gtZ0QqvBvmRhBNvjVVzCknTErHnLztM54ft6pNzrOC8PFQx1EUoRrBI3hWnibbmz51bztVK+oztIV/IugugHGODUxfGm27FGpDY44+YCaMogEiVL8sFvOVjqV/0o1VIDeM0ctLMfJLD5gbX0tP70xMN8I2pCq+zSBcn8SOKXJQnhNCGgrC4p2MVFX78GTvtbxPGJtrkAtbyxP8+758myeA7ZTcNxEf9tI5T7ilxeR4DL3Bf4KRFn3xa9epDCRoNqlEZ/6xyka5WA3CxaWpXiCR5VmxGMs2jMgwkIgxxvfNhljCJYEOjmjMODpbCtsIxc3J87V+UJL",
            "tags": {
              "Name": "test-keypair"
            },
            "tags_all": {
              "Name": "test-keypair"
            }
          },
          "sensitive_attributes": [],
          "private": "eyJzY2hlbWFfdmVyc2lvbiI6IjEifQ==",
          "dependencies": [
            "tls_private_key.instance"
          ]
        }
      ]
    },
    {
      "mode": "managed",
      "type": "aws_nat_gateway",
      "name": "gwnat",
      "provider": "provider[\"registry.terraform.io/hashicorp/aws\"]",
      "instances": [
        {
          "schema_version": 0,
          "attributes": {
            "allocation_id": "eipalloc-0ce85fb416e718bd7",
            "connectivity_type": "public",
            "id": "nat-098e290880d7487b6",
            "network_interface_id": "eni-0040cfb9452af5256",
            "private_ip": "10.0.1.146",
            "public_ip": "52.54.55.68",
            "subnet_id": "subnet-03cc6bacd55e42fb6",
            "tags": {},
            "tags_all": {}
          },
          "sensitive_attributes": [],
          "private": "bnVsbA==",
          "dependencies": [
            "aws_eip.elastic_ip",
            "aws_subnet.first_public",
            "aws_vpc.myvpc"
          ]
        }
      ]
    },
    {
      "mode": "managed",
      "type": "aws_route",
      "name": "private_route",
      "provider": "provider[\"registry.terraform.io/hashicorp/aws\"]",
      "instances": [
        {
          "schema_version": 0,
          "attributes": {
            "carrier_gateway_id": "",
            "core_network_arn": "",
            "destination_cidr_block": "0.0.0.0/0",
            "destination_ipv6_cidr_block": "",
            "destination_prefix_list_id": "",
            "egress_only_gateway_id": "",
            "gateway_id": "",
            "id": "r-rtb-05cc4f1d562e498f81080289494",
            "instance_id": "",
            "instance_owner_id": "",
            "local_gateway_id": "",
            "nat_gateway_id": "nat-098e290880d7487b6",
            "network_interface_id": "",
            "origin": "CreateRoute",
            "route_table_id": "rtb-05cc4f1d562e498f8",
            "state": "active",
            "timeouts": null,
            "transit_gateway_id": "",
            "vpc_endpoint_id": "",
            "vpc_peering_connection_id": ""
          },
          "sensitive_attributes": [],
          "private": "eyJlMmJmYjczMC1lY2FhLTExZTYtOGY4OC0zNDM2M2JjN2M0YzAiOnsiY3JlYXRlIjozMDAwMDAwMDAwMDAsImRlbGV0ZSI6MzAwMDAwMDAwMDAwLCJ1cGRhdGUiOjEyMDAwMDAwMDAwMH19",
          "dependencies": [
            "aws_nat_gateway.gwnat",
            "aws_route_table.private"
          ]
        }
      ]
    },
    {
      "mode": "managed",
      "type": "aws_route",
      "name": "public_route",
      "provider": "provider[\"registry.terraform.io/hashicorp/aws\"]",
      "instances": [
        {
          "schema_version": 0,
          "attributes": {
            "carrier_gateway_id": "",
            "core_network_arn": "",
            "destination_cidr_block": "0.0.0.0/0",
            "destination_ipv6_cidr_block": "",
            "destination_prefix_list_id": "",
            "egress_only_gateway_id": "",
            "gateway_id": "igw-063abf1fb4edda75e",
            "id": "r-rtb-0a9089222a72d6c911080289494",
            "instance_id": "",
            "instance_owner_id": "",
            "local_gateway_id": "",
            "nat_gateway_id": "",
            "network_interface_id": "",
            "origin": "CreateRoute",
            "route_table_id": "rtb-0a9089222a72d6c91",
            "state": "active",
            "timeouts": null,
            "transit_gateway_id": "",
            "vpc_endpoint_id": "",
            "vpc_peering_connection_id": ""
          },
          "sensitive_attributes": [],
          "private": "eyJlMmJmYjczMC1lY2FhLTExZTYtOGY4OC0zNDM2M2JjN2M0YzAiOnsiY3JlYXRlIjozMDAwMDAwMDAwMDAsImRlbGV0ZSI6MzAwMDAwMDAwMDAwLCJ1cGRhdGUiOjEyMDAwMDAwMDAwMH19",
          "dependencies": [
            "aws_internet_gateway.igw",
            "aws_route_table.public",
            "aws_vpc.myvpc"
          ]
        }
      ]
    },
    {
      "mode": "managed",
      "type": "aws_route_table",
      "name": "private",
      "provider": "provider[\"registry.terraform.io/hashicorp/aws\"]",
      "instances": [
        {
          "schema_version": 0,
          "attributes": {
            "arn": "arn:aws:ec2:us-east-1:025584964672:route-table/rtb-05cc4f1d562e498f8",
            "id": "rtb-05cc4f1d562e498f8",
            "owner_id": "025584964672",
            "propagating_vgws": [],
            "route": [
              {
                "carrier_gateway_id": "",
                "cidr_block": "0.0.0.0/0",
                "core_network_arn": "",
                "destination_prefix_list_id": "",
                "egress_only_gateway_id": "",
                "gateway_id": "",
                "instance_id": "",
                "ipv6_cidr_block": "",
                "local_gateway_id": "",
                "nat_gateway_id": "nat-098e290880d7487b6",
                "network_interface_id": "",
                "transit_gateway_id": "",
                "vpc_endpoint_id": "",
                "vpc_peering_connection_id": ""
              }
            ],
            "tags": {},
            "tags_all": {},
            "timeouts": null,
            "vpc_id": "vpc-03454bdea3d4b876e"
          },
          "sensitive_attributes": [],
          "private": "eyJlMmJmYjczMC1lY2FhLTExZTYtOGY4OC0zNDM2M2JjN2M0YzAiOnsiY3JlYXRlIjozMDAwMDAwMDAwMDAsImRlbGV0ZSI6MzAwMDAwMDAwMDAwLCJ1cGRhdGUiOjEyMDAwMDAwMDAwMH19",
          "dependencies": [
            "aws_vpc.myvpc"
          ]
        }
      ]
    },
    {
      "mode": "managed",
      "type": "aws_route_table",
      "name": "public",
      "provider": "provider[\"registry.terraform.io/hashicorp/aws\"]",
      "instances": [
        {
          "schema_version": 0,
          "attributes": {
            "arn": "arn:aws:ec2:us-east-1:025584964672:route-table/rtb-0a9089222a72d6c91",
            "id": "rtb-0a9089222a72d6c91",
            "owner_id": "025584964672",
            "propagating_vgws": [],
            "route": [
              {
                "carrier_gateway_id": "",
                "cidr_block": "0.0.0.0/0",
                "core_network_arn": "",
                "destination_prefix_list_id": "",
                "egress_only_gateway_id": "",
                "gateway_id": "igw-063abf1fb4edda75e",
                "instance_id": "",
                "ipv6_cidr_block": "",
                "local_gateway_id": "",
                "nat_gateway_id": "",
                "network_interface_id": "",
                "transit_gateway_id": "",
                "vpc_endpoint_id": "",
                "vpc_peering_connection_id": ""
              }
            ],
            "tags": {},
            "tags_all": {},
            "timeouts": null,
            "vpc_id": "vpc-03454bdea3d4b876e"
          },
          "sensitive_attributes": [],
          "private": "eyJlMmJmYjczMC1lY2FhLTExZTYtOGY4OC0zNDM2M2JjN2M0YzAiOnsiY3JlYXRlIjozMDAwMDAwMDAwMDAsImRlbGV0ZSI6MzAwMDAwMDAwMDAwLCJ1cGRhdGUiOjEyMDAwMDAwMDAwMH19",
          "dependencies": [
            "aws_vpc.myvpc"
          ]
        }
      ]
    },
    {
      "mode": "managed",
      "type": "aws_route_table_association",
      "name": "first_private",
      "provider": "provider[\"registry.terraform.io/hashicorp/aws\"]",
      "instances": [
        {
          "schema_version": 0,
          "attributes": {
            "gateway_id": "",
            "id": "rtbassoc-00698ea936cee5a20",
            "route_table_id": "rtb-05cc4f1d562e498f8",
            "subnet_id": "subnet-03f06f7222be92f14"
          },
          "sensitive_attributes": [],
          "private": "bnVsbA==",
          "dependencies": [
            "aws_route_table.private",
            "aws_subnet.first_private",
            "aws_vpc.myvpc"
          ]
        }
      ]
    },
    {
      "mode": "managed",
      "type": "aws_route_table_association",
      "name": "first_public",
      "provider": "provider[\"registry.terraform.io/hashicorp/aws\"]",
      "instances": [
        {
          "schema_version": 0,
          "attributes": {
            "gateway_id": "",
            "id": "rtbassoc-028f166be0f66b9f9",
            "route_table_id": "rtb-0a9089222a72d6c91",
            "subnet_id": "subnet-03cc6bacd55e42fb6"
          },
          "sensitive_attributes": [],
          "private": "bnVsbA==",
          "dependencies": [
            "aws_route_table.public",
            "aws_subnet.first_public",
            "aws_vpc.myvpc"
          ]
        }
      ]
    },
    {
      "mode": "managed",
      "type": "aws_route_table_association",
      "name": "second_private",
      "provider": "provider[\"registry.terraform.io/hashicorp/aws\"]",
      "instances": [
        {
          "schema_version": 0,
          "attributes": {
            "gateway_id": "",
            "id": "rtbassoc-00f53c870a577e4eb",
            "route_table_id": "rtb-05cc4f1d562e498f8",
            "subnet_id": "subnet-043e31862e00cf12a"
          },
          "sensitive_attributes": [],
          "private": "bnVsbA==",
          "dependencies": [
            "aws_route_table.private",
            "aws_subnet.second_private",
            "aws_vpc.myvpc"
          ]
        }
      ]
    },
    {
      "mode": "managed",
      "type": "aws_route_table_association",
      "name": "second_public",
      "provider": "provider[\"registry.terraform.io/hashicorp/aws\"]",
      "instances": [
        {
          "schema_version": 0,
          "attributes": {
            "gateway_id": "",
            "id": "rtbassoc-046d03d0414a6735a",
            "route_table_id": "rtb-0a9089222a72d6c91",
            "subnet_id": "subnet-06c95aa6a3963a71c"
          },
          "sensitive_attributes": [],
          "private": "bnVsbA==",
          "dependencies": [
            "aws_route_table.public",
            "aws_subnet.second_public",
            "aws_vpc.myvpc"
          ]
        }
      ]
    },
    {
      "mode": "managed",
      "type": "aws_secretsmanager_secret",
      "name": "secret",
      "provider": "provider[\"registry.terraform.io/hashicorp/aws\"]",
      "instances": [
        {
          "schema_version": 0,
          "attributes": {
            "arn": "arn:aws:secretsmanager:us-east-1:025584964672:secret:secret-8A8cQ0",
            "description": "",
            "force_overwrite_replica_secret": false,
            "id": "arn:aws:secretsmanager:us-east-1:025584964672:secret:secret-8A8cQ0",
            "kms_key_id": "",
            "name": "secret",
            "name_prefix": "",
            "policy": "",
            "recovery_window_in_days": 30,
            "replica": [],
            "rotation_enabled": false,
            "rotation_lambda_arn": "",
            "rotation_rules": [],
            "tags": null,
            "tags_all": {}
          },
          "sensitive_attributes": [],
          "private": "bnVsbA=="
        }
      ]
    },
    {
      "mode": "managed",
      "type": "aws_secretsmanager_secret_version",
      "name": "sm",
      "provider": "provider[\"registry.terraform.io/hashicorp/aws\"]",
      "instances": [
        {
          "schema_version": 0,
          "attributes": {
            "arn": "arn:aws:secretsmanager:us-east-1:025584964672:secret:secret-8A8cQ0",
            "id": "arn:aws:secretsmanager:us-east-1:025584964672:secret:secret-8A8cQ0|985ED313-3CA0-4193-8C8E-B4AD4F9F1243",
            "secret_binary": "",
            "secret_id": "arn:aws:secretsmanager:us-east-1:025584964672:secret:secret-8A8cQ0",
            "secret_string": "-----BEGIN RSA PRIVATE KEY-----\nMIIEowIBAAKCAQEAxjC2Dxj1/UbeYLWdEKrwb5kYQTb41VcwpJ0xKx5y87TOeH7e\nqTc6zgvDxUMdRFKEawSN4Vp4m25s+dW87VSvqM7SFfyLoLoBxjg1MXxptuxRqQ2O\nOPmAmjKIBIlS/LBbzlY6lf9KNVSA3jNHLSzHySw+YG19LT+9MTDfCNqQqvs0gXJ/\nEjilyUJ4TQhoKwuKdjFRV+/Bk77W8Txiba5ALW8sT/Pu+fJsngO2U3DcRH/bSOU+\n4pcXkeAy9wX+CkRZ98WvXqQwkaDapRGf+scpGuVgNwsWlqV4gkeVZsRjLNozIMJC\nIMcb3zYZYwiWBDo5ozDg6WwrbCMXNyfO1flCSwIDAQABAoIBAAJNJIAOYSTcws5K\nrZU49uvE0lRHiCIqDgWLUbvXcaxEyDT7/Cfo3UTxPAe5XMijUKhReDhKraXYZWmN\nQtFar2N9a1EYCqMGJekgU/XMJQobumMFJkahFw4zUgMDeTQ39Aj0VV/ShBEUdx6d\nZ9EtePBsFBlYjCCPYeoFUEGxEAb8OIMBXAu3dFXfyyxPLLNkF/L7mkzT4tX1v0SG\nNpiuur6TRyja/b+nFkx/XLHtdhjCbszKrcI87L5JKKcge/z87moL7GGnoOhXWwTu\nqBIFsysbJn8lCdHWPNiv3D9SaZOlo5ROtbf/A1mp0VCGtg+eSjcLACtO6e2Xkn7v\nUrNdmXECgYEA9OS/DSr0x311rT1oqThSel09Qt0E5cpxoBLNxuaMXuhM18qIe+eO\n3VMyviPbsp0LziBdrSuxTaX6r2sYrgSm27oxTiEFSNZQC1jmbV9XkUfHnnc3T1VI\nqzF0l2QP22PNzGOGaHEFEvfjcci9JOoCViO3/tr4rHDqbRagIYpL9fkCgYEAzy27\ngFfKaR5XtdVPV9HTMAecf12WiRV33Ek+zFdBBX+o+qhaw0E0JMsZOwgr3ItaohuV\n2WVCTg4+Ae/Kn+0VyfAYGr0c3aZe0TgYBaNAGLsf6Kwi2B4FcdclbqSgt4i5PAjT\njsS0dlefspaV7MldSPqFmEfyk1TfJxjajcde+2MCgYEA3tbjbmT/NiPYl9qASTNi\nAcykORqLIVp0yHcz3mDdrGLvwZCfXzgXDRhu3QweF0rGejuDYleW0BRPp53paDf9\naYXk5bYwa9XwIlMz4qRWN3G8mFrc7oipRnYLJNM9hqIrm2eY36KwPlFpGpnSWyvB\nEocQH407qRZaiweCkOKaOmkCgYA6PIq2OvdEsSjKjhltgCezGpCdJLuJ8STuIRCr\n8+LtHsNrIiPROuTjasu+0j8yEWH6q3Jl15bZxhscBEGaztQPHZRI/9u7WmbQvMnT\n293Kld8UUj7BLT8ujuGQxmn+7UnUXE7LlPN9SIg1dSrTko7MUs92zNKdI4BOxye4\nLtC+LQKBgBgEh2n6Mb26uXEpeKoL010wmIRVjTSvwEfGoISqSVQ09HUgFspvdoGd\nmgC0jsgP35W1/aAMhCd9i67LQEOhzhfwdjzj+jJofr0OZWUBRifeiKU823oGpe8f\nB5HXywGhkhU75Dm9fJfDWpmmX2ue4issE/dFCCr8/iSJiFRLB/z1\n-----END RSA PRIVATE KEY-----\n",
            "version_id": "985ED313-3CA0-4193-8C8E-B4AD4F9F1243",
            "version_stages": [
              "AWSCURRENT"
            ]
          },
          "sensitive_attributes": [
            [
              {
                "type": "get_attr",
                "value": "secret_string"
              }
            ]
          ],
          "private": "bnVsbA==",
          "dependencies": [
            "aws_secretsmanager_secret.secret",
            "tls_private_key.instance"
          ]
        }
      ]
    },
    {
      "mode": "managed",
      "type": "aws_security_group",
      "name": "allow_ssh",
      "provider": "provider[\"registry.terraform.io/hashicorp/aws\"]",
      "instances": [
        {
          "schema_version": 1,
          "attributes": {
            "arn": "arn:aws:ec2:us-east-1:025584964672:security-group/sg-0ad0bb173790e8ebe",
            "description": "Allow ssh inbound traffic",
            "egress": [
              {
                "cidr_blocks": [
                  "0.0.0.0/0"
                ],
                "description": "",
                "from_port": 0,
                "ipv6_cidr_blocks": [],
                "prefix_list_ids": [],
                "protocol": "-1",
                "security_groups": [],
                "self": false,
                "to_port": 0
              }
            ],
            "id": "sg-0ad0bb173790e8ebe",
            "ingress": [
              {
                "cidr_blocks": [
                  "0.0.0.0/0"
                ],
                "description": "ssh",
                "from_port": 22,
                "ipv6_cidr_blocks": [],
                "prefix_list_ids": [],
                "protocol": "tcp",
                "security_groups": [],
                "self": false,
                "to_port": 22
              }
            ],
            "name": "allow_ssh",
            "name_prefix": "",
            "owner_id": "025584964672",
            "revoke_rules_on_delete": false,
            "tags": {},
            "tags_all": {},
            "timeouts": null,
            "vpc_id": "vpc-03454bdea3d4b876e"
          },
          "sensitive_attributes": [],
          "private": "eyJlMmJmYjczMC1lY2FhLTExZTYtOGY4OC0zNDM2M2JjN2M0YzAiOnsiY3JlYXRlIjo2MDAwMDAwMDAwMDAsImRlbGV0ZSI6OTAwMDAwMDAwMDAwfSwic2NoZW1hX3ZlcnNpb24iOiIxIn0=",
          "dependencies": [
            "aws_vpc.myvpc"
          ]
        }
      ]
    },
    {
      "mode": "managed",
      "type": "aws_security_group",
      "name": "allow_ssh3000",
      "provider": "provider[\"registry.terraform.io/hashicorp/aws\"]",
      "instances": [
        {
          "schema_version": 1,
          "attributes": {
            "arn": "arn:aws:ec2:us-east-1:025584964672:security-group/sg-07e2ee0acbc70b915",
            "description": "Allow inbound traffic",
            "egress": [
              {
                "cidr_blocks": [
                  "0.0.0.0/0"
                ],
                "description": "",
                "from_port": 0,
                "ipv6_cidr_blocks": [],
                "prefix_list_ids": [],
                "protocol": "-1",
                "security_groups": [],
                "self": false,
                "to_port": 0
              }
            ],
            "id": "sg-07e2ee0acbc70b915",
            "ingress": [
              {
                "cidr_blocks": [
                  "10.0.0.0/16"
                ],
                "description": "",
                "from_port": 3000,
                "ipv6_cidr_blocks": [],
                "prefix_list_ids": [],
                "protocol": "tcp",
                "security_groups": [],
                "self": false,
                "to_port": 3000
              },
              {
                "cidr_blocks": [
                  "10.0.0.0/16"
                ],
                "description": "ssh",
                "from_port": 22,
                "ipv6_cidr_blocks": [],
                "prefix_list_ids": [],
                "protocol": "tcp",
                "security_groups": [],
                "self": false,
                "to_port": 22
              }
            ],
            "name": "allow_ssh3000",
            "name_prefix": "",
            "owner_id": "025584964672",
            "revoke_rules_on_delete": false,
            "tags": {},
            "tags_all": {},
            "timeouts": null,
            "vpc_id": "vpc-03454bdea3d4b876e"
          },
          "sensitive_attributes": [],
          "private": "eyJlMmJmYjczMC1lY2FhLTExZTYtOGY4OC0zNDM2M2JjN2M0YzAiOnsiY3JlYXRlIjo2MDAwMDAwMDAwMDAsImRlbGV0ZSI6OTAwMDAwMDAwMDAwfSwic2NoZW1hX3ZlcnNpb24iOiIxIn0=",
          "dependencies": [
            "aws_vpc.myvpc"
          ]
        }
      ]
    },
    {
      "mode": "managed",
      "type": "aws_subnet",
      "name": "first_private",
      "provider": "provider[\"registry.terraform.io/hashicorp/aws\"]",
      "instances": [
        {
          "schema_version": 1,
          "attributes": {
            "arn": "arn:aws:ec2:us-east-1:025584964672:subnet/subnet-03f06f7222be92f14",
            "assign_ipv6_address_on_creation": false,
            "availability_zone": "us-east-1a",
            "availability_zone_id": "use1-az6",
            "cidr_block": "10.0.3.0/24",
            "customer_owned_ipv4_pool": "",
            "enable_dns64": false,
            "enable_resource_name_dns_a_record_on_launch": false,
            "enable_resource_name_dns_aaaa_record_on_launch": false,
            "id": "subnet-03f06f7222be92f14",
            "ipv6_cidr_block": "",
            "ipv6_cidr_block_association_id": "",
            "ipv6_native": false,
            "map_customer_owned_ip_on_launch": false,
            "map_public_ip_on_launch": false,
            "outpost_arn": "",
            "owner_id": "025584964672",
            "private_dns_hostname_type_on_launch": "ip-name",
            "tags": {},
            "tags_all": {},
            "timeouts": null,
            "vpc_id": "vpc-03454bdea3d4b876e"
          },
          "sensitive_attributes": [],
          "private": "eyJlMmJmYjczMC1lY2FhLTExZTYtOGY4OC0zNDM2M2JjN2M0YzAiOnsiY3JlYXRlIjo2MDAwMDAwMDAwMDAsImRlbGV0ZSI6MTIwMDAwMDAwMDAwMH0sInNjaGVtYV92ZXJzaW9uIjoiMSJ9",
          "dependencies": [
            "aws_vpc.myvpc"
          ]
        }
      ]
    },
    {
      "mode": "managed",
      "type": "aws_subnet",
      "name": "first_public",
      "provider": "provider[\"registry.terraform.io/hashicorp/aws\"]",
      "instances": [
        {
          "schema_version": 1,
          "attributes": {
            "arn": "arn:aws:ec2:us-east-1:025584964672:subnet/subnet-03cc6bacd55e42fb6",
            "assign_ipv6_address_on_creation": false,
            "availability_zone": "us-east-1a",
            "availability_zone_id": "use1-az6",
            "cidr_block": "10.0.1.0/24",
            "customer_owned_ipv4_pool": "",
            "enable_dns64": false,
            "enable_resource_name_dns_a_record_on_launch": false,
            "enable_resource_name_dns_aaaa_record_on_launch": false,
            "id": "subnet-03cc6bacd55e42fb6",
            "ipv6_cidr_block": "",
            "ipv6_cidr_block_association_id": "",
            "ipv6_native": false,
            "map_customer_owned_ip_on_launch": false,
            "map_public_ip_on_launch": true,
            "outpost_arn": "",
            "owner_id": "025584964672",
            "private_dns_hostname_type_on_launch": "ip-name",
            "tags": {},
            "tags_all": {},
            "timeouts": null,
            "vpc_id": "vpc-03454bdea3d4b876e"
          },
          "sensitive_attributes": [],
          "private": "eyJlMmJmYjczMC1lY2FhLTExZTYtOGY4OC0zNDM2M2JjN2M0YzAiOnsiY3JlYXRlIjo2MDAwMDAwMDAwMDAsImRlbGV0ZSI6MTIwMDAwMDAwMDAwMH0sInNjaGVtYV92ZXJzaW9uIjoiMSJ9",
          "dependencies": [
            "aws_vpc.myvpc"
          ]
        }
      ]
    },
    {
      "mode": "managed",
      "type": "aws_subnet",
      "name": "second_private",
      "provider": "provider[\"registry.terraform.io/hashicorp/aws\"]",
      "instances": [
        {
          "schema_version": 1,
          "attributes": {
            "arn": "arn:aws:ec2:us-east-1:025584964672:subnet/subnet-043e31862e00cf12a",
            "assign_ipv6_address_on_creation": false,
            "availability_zone": "us-east-1b",
            "availability_zone_id": "use1-az1",
            "cidr_block": "10.0.4.0/24",
            "customer_owned_ipv4_pool": "",
            "enable_dns64": false,
            "enable_resource_name_dns_a_record_on_launch": false,
            "enable_resource_name_dns_aaaa_record_on_launch": false,
            "id": "subnet-043e31862e00cf12a",
            "ipv6_cidr_block": "",
            "ipv6_cidr_block_association_id": "",
            "ipv6_native": false,
            "map_customer_owned_ip_on_launch": false,
            "map_public_ip_on_launch": false,
            "outpost_arn": "",
            "owner_id": "025584964672",
            "private_dns_hostname_type_on_launch": "ip-name",
            "tags": {},
            "tags_all": {},
            "timeouts": null,
            "vpc_id": "vpc-03454bdea3d4b876e"
          },
          "sensitive_attributes": [],
          "private": "eyJlMmJmYjczMC1lY2FhLTExZTYtOGY4OC0zNDM2M2JjN2M0YzAiOnsiY3JlYXRlIjo2MDAwMDAwMDAwMDAsImRlbGV0ZSI6MTIwMDAwMDAwMDAwMH0sInNjaGVtYV92ZXJzaW9uIjoiMSJ9",
          "dependencies": [
            "aws_vpc.myvpc"
          ]
        }
      ]
    },
    {
      "mode": "managed",
      "type": "aws_subnet",
      "name": "second_public",
      "provider": "provider[\"registry.terraform.io/hashicorp/aws\"]",
      "instances": [
        {
          "schema_version": 1,
          "attributes": {
            "arn": "arn:aws:ec2:us-east-1:025584964672:subnet/subnet-06c95aa6a3963a71c",
            "assign_ipv6_address_on_creation": false,
            "availability_zone": "us-east-1b",
            "availability_zone_id": "use1-az1",
            "cidr_block": "10.0.2.0/24",
            "customer_owned_ipv4_pool": "",
            "enable_dns64": false,
            "enable_resource_name_dns_a_record_on_launch": false,
            "enable_resource_name_dns_aaaa_record_on_launch": false,
            "id": "subnet-06c95aa6a3963a71c",
            "ipv6_cidr_block": "",
            "ipv6_cidr_block_association_id": "",
            "ipv6_native": false,
            "map_customer_owned_ip_on_launch": false,
            "map_public_ip_on_launch": true,
            "outpost_arn": "",
            "owner_id": "025584964672",
            "private_dns_hostname_type_on_launch": "ip-name",
            "tags": {},
            "tags_all": {},
            "timeouts": null,
            "vpc_id": "vpc-03454bdea3d4b876e"
          },
          "sensitive_attributes": [],
          "private": "eyJlMmJmYjczMC1lY2FhLTExZTYtOGY4OC0zNDM2M2JjN2M0YzAiOnsiY3JlYXRlIjo2MDAwMDAwMDAwMDAsImRlbGV0ZSI6MTIwMDAwMDAwMDAwMH0sInNjaGVtYV92ZXJzaW9uIjoiMSJ9",
          "dependencies": [
            "aws_vpc.myvpc"
          ]
        }
      ]
    },
    {
      "mode": "managed",
      "type": "aws_vpc",
      "name": "myvpc",
      "provider": "provider[\"registry.terraform.io/hashicorp/aws\"]",
      "instances": [
        {
          "schema_version": 1,
          "attributes": {
            "arn": "arn:aws:ec2:us-east-1:025584964672:vpc/vpc-03454bdea3d4b876e",
            "assign_generated_ipv6_cidr_block": false,
            "cidr_block": "10.0.0.0/16",
            "default_network_acl_id": "acl-047fe50ba486536c7",
            "default_route_table_id": "rtb-01c720d52a2b32016",
            "default_security_group_id": "sg-0509dd0412da34288",
            "dhcp_options_id": "dopt-0cd7e6bd7c763faa7",
            "enable_classiclink": false,
            "enable_classiclink_dns_support": false,
            "enable_dns_hostnames": false,
            "enable_dns_support": true,
            "id": "vpc-03454bdea3d4b876e",
            "instance_tenancy": "default",
            "ipv4_ipam_pool_id": null,
            "ipv4_netmask_length": null,
            "ipv6_association_id": "",
            "ipv6_cidr_block": "",
            "ipv6_cidr_block_network_border_group": "",
            "ipv6_ipam_pool_id": "",
            "ipv6_netmask_length": 0,
            "main_route_table_id": "rtb-01c720d52a2b32016",
            "owner_id": "025584964672",
            "tags": {
              "Name": "main"
            },
            "tags_all": {
              "Name": "main"
            }
          },
          "sensitive_attributes": [],
          "private": "eyJzY2hlbWFfdmVyc2lvbiI6IjEifQ=="
        }
      ]
    },
    {
      "mode": "managed",
      "type": "tls_private_key",
      "name": "instance",
      "provider": "provider[\"registry.terraform.io/hashicorp/tls\"]",
      "instances": [
        {
          "schema_version": 0,
          "attributes": {
            "algorithm": "RSA",
            "ecdsa_curve": "P224",
            "id": "109f31608b6db070b81e675640448b5f1e7b43b0",
            "private_key_openssh": "-----BEGIN OPENSSH PRIVATE KEY-----\nb3BlbnNzaC1rZXktdjEAAAAABG5vbmUAAAAEbm9uZQAAAAAAAAABAAABFwAAAAdz\nc2gtcnNhAAAAAwEAAQAAAQEAxjC2Dxj1/UbeYLWdEKrwb5kYQTb41VcwpJ0xKx5y\n87TOeH7eqTc6zgvDxUMdRFKEawSN4Vp4m25s+dW87VSvqM7SFfyLoLoBxjg1MXxp\ntuxRqQ2OOPmAmjKIBIlS/LBbzlY6lf9KNVSA3jNHLSzHySw+YG19LT+9MTDfCNqQ\nqvs0gXJ/EjilyUJ4TQhoKwuKdjFRV+/Bk77W8Txiba5ALW8sT/Pu+fJsngO2U3Dc\nRH/bSOU+4pcXkeAy9wX+CkRZ98WvXqQwkaDapRGf+scpGuVgNwsWlqV4gkeVZsRj\nLNozIMJCIMcb3zYZYwiWBDo5ozDg6WwrbCMXNyfO1flCSwAAA7jsqFus7KhbrAAA\nAAdzc2gtcnNhAAABAQDGMLYPGPX9Rt5gtZ0QqvBvmRhBNvjVVzCknTErHnLztM54\nft6pNzrOC8PFQx1EUoRrBI3hWnibbmz51bztVK+oztIV/IugugHGODUxfGm27FGp\nDY44+YCaMogEiVL8sFvOVjqV/0o1VIDeM0ctLMfJLD5gbX0tP70xMN8I2pCq+zSB\ncn8SOKXJQnhNCGgrC4p2MVFX78GTvtbxPGJtrkAtbyxP8+758myeA7ZTcNxEf9tI\n5T7ilxeR4DL3Bf4KRFn3xa9epDCRoNqlEZ/6xyka5WA3CxaWpXiCR5VmxGMs2jMg\nwkIgxxvfNhljCJYEOjmjMODpbCtsIxc3J87V+UJLAAAAAwEAAQAAAQACTSSADmEk\n3MLOSq2VOPbrxNJUR4giKg4Fi1G713GsRMg0+/wn6N1E8TwHuVzIo1CoUXg4Sq2l\n2GVpjULRWq9jfWtRGAqjBiXpIFP1zCUKG7pjBSZGoRcOM1IDA3k0N/QI9FVf0oQR\nFHcenWfRLXjwbBQZWIwgj2HqBVBBsRAG/DiDAVwLt3RV38ssTyyzZBfy+5pM0+LV\n9b9EhjaYrrq+k0co2v2/pxZMf1yx7XYYwm7Myq3CPOy+SSinIHv8/O5qC+xhp6Do\nV1sE7qgSBbMrGyZ/JQnR1jzYr9w/UmmTpaOUTrW3/wNZqdFQhrYPnko3CwArTunt\nl5J+71KzXZlxAAAAgBgEh2n6Mb26uXEpeKoL010wmIRVjTSvwEfGoISqSVQ09HUg\nFspvdoGdmgC0jsgP35W1/aAMhCd9i67LQEOhzhfwdjzj+jJofr0OZWUBRifeiKU8\n23oGpe8fB5HXywGhkhU75Dm9fJfDWpmmX2ue4issE/dFCCr8/iSJiFRLB/z1AAAA\ngQD05L8NKvTHfXWtPWipOFJ6XT1C3QTlynGgEs3G5oxe6EzXyoh7547dUzK+I9uy\nnQvOIF2tK7FNpfqvaxiuBKbbujFOIQVI1lALWOZtX1eRR8eedzdPVUirMXSXZA/b\nY83MY4ZocQUS9+NxyL0k6gJWI7f+2viscOptFqAhikv1+QAAAIEAzy27gFfKaR5X\ntdVPV9HTMAecf12WiRV33Ek+zFdBBX+o+qhaw0E0JMsZOwgr3ItaohuV2WVCTg4+\nAe/Kn+0VyfAYGr0c3aZe0TgYBaNAGLsf6Kwi2B4FcdclbqSgt4i5PAjTjsS0dlef\nspaV7MldSPqFmEfyk1TfJxjajcde+2MAAAAAAQID\n-----END OPENSSH PRIVATE KEY-----\n",
            "private_key_pem": "-----BEGIN RSA PRIVATE KEY-----\nMIIEowIBAAKCAQEAxjC2Dxj1/UbeYLWdEKrwb5kYQTb41VcwpJ0xKx5y87TOeH7e\nqTc6zgvDxUMdRFKEawSN4Vp4m25s+dW87VSvqM7SFfyLoLoBxjg1MXxptuxRqQ2O\nOPmAmjKIBIlS/LBbzlY6lf9KNVSA3jNHLSzHySw+YG19LT+9MTDfCNqQqvs0gXJ/\nEjilyUJ4TQhoKwuKdjFRV+/Bk77W8Txiba5ALW8sT/Pu+fJsngO2U3DcRH/bSOU+\n4pcXkeAy9wX+CkRZ98WvXqQwkaDapRGf+scpGuVgNwsWlqV4gkeVZsRjLNozIMJC\nIMcb3zYZYwiWBDo5ozDg6WwrbCMXNyfO1flCSwIDAQABAoIBAAJNJIAOYSTcws5K\nrZU49uvE0lRHiCIqDgWLUbvXcaxEyDT7/Cfo3UTxPAe5XMijUKhReDhKraXYZWmN\nQtFar2N9a1EYCqMGJekgU/XMJQobumMFJkahFw4zUgMDeTQ39Aj0VV/ShBEUdx6d\nZ9EtePBsFBlYjCCPYeoFUEGxEAb8OIMBXAu3dFXfyyxPLLNkF/L7mkzT4tX1v0SG\nNpiuur6TRyja/b+nFkx/XLHtdhjCbszKrcI87L5JKKcge/z87moL7GGnoOhXWwTu\nqBIFsysbJn8lCdHWPNiv3D9SaZOlo5ROtbf/A1mp0VCGtg+eSjcLACtO6e2Xkn7v\nUrNdmXECgYEA9OS/DSr0x311rT1oqThSel09Qt0E5cpxoBLNxuaMXuhM18qIe+eO\n3VMyviPbsp0LziBdrSuxTaX6r2sYrgSm27oxTiEFSNZQC1jmbV9XkUfHnnc3T1VI\nqzF0l2QP22PNzGOGaHEFEvfjcci9JOoCViO3/tr4rHDqbRagIYpL9fkCgYEAzy27\ngFfKaR5XtdVPV9HTMAecf12WiRV33Ek+zFdBBX+o+qhaw0E0JMsZOwgr3ItaohuV\n2WVCTg4+Ae/Kn+0VyfAYGr0c3aZe0TgYBaNAGLsf6Kwi2B4FcdclbqSgt4i5PAjT\njsS0dlefspaV7MldSPqFmEfyk1TfJxjajcde+2MCgYEA3tbjbmT/NiPYl9qASTNi\nAcykORqLIVp0yHcz3mDdrGLvwZCfXzgXDRhu3QweF0rGejuDYleW0BRPp53paDf9\naYXk5bYwa9XwIlMz4qRWN3G8mFrc7oipRnYLJNM9hqIrm2eY36KwPlFpGpnSWyvB\nEocQH407qRZaiweCkOKaOmkCgYA6PIq2OvdEsSjKjhltgCezGpCdJLuJ8STuIRCr\n8+LtHsNrIiPROuTjasu+0j8yEWH6q3Jl15bZxhscBEGaztQPHZRI/9u7WmbQvMnT\n293Kld8UUj7BLT8ujuGQxmn+7UnUXE7LlPN9SIg1dSrTko7MUs92zNKdI4BOxye4\nLtC+LQKBgBgEh2n6Mb26uXEpeKoL010wmIRVjTSvwEfGoISqSVQ09HUgFspvdoGd\nmgC0jsgP35W1/aAMhCd9i67LQEOhzhfwdjzj+jJofr0OZWUBRifeiKU823oGpe8f\nB5HXywGhkhU75Dm9fJfDWpmmX2ue4issE/dFCCr8/iSJiFRLB/z1\n-----END RSA PRIVATE KEY-----\n",
            "public_key_fingerprint_md5": "f4:0f:7f:40:97:13:84:7c:68:f5:1c:a2:24:8a:dd:65",
            "public_key_fingerprint_sha256": "SHA256:BFqTBxRoG63128Y+fKZ6rY+4bb4qqowRVo5Durx1weY",
            "public_key_openssh": "ssh-rsa AAAAB3NzaC1yc2EAAAADAQABAAABAQDGMLYPGPX9Rt5gtZ0QqvBvmRhBNvjVVzCknTErHnLztM54ft6pNzrOC8PFQx1EUoRrBI3hWnibbmz51bztVK+oztIV/IugugHGODUxfGm27FGpDY44+YCaMogEiVL8sFvOVjqV/0o1VIDeM0ctLMfJLD5gbX0tP70xMN8I2pCq+zSBcn8SOKXJQnhNCGgrC4p2MVFX78GTvtbxPGJtrkAtbyxP8+758myeA7ZTcNxEf9tI5T7ilxeR4DL3Bf4KRFn3xa9epDCRoNqlEZ/6xyka5WA3CxaWpXiCR5VmxGMs2jMgwkIgxxvfNhljCJYEOjmjMODpbCtsIxc3J87V+UJL\n",
            "public_key_pem": "-----BEGIN PUBLIC KEY-----\nMIIBIjANBgkqhkiG9w0BAQEFAAOCAQ8AMIIBCgKCAQEAxjC2Dxj1/UbeYLWdEKrw\nb5kYQTb41VcwpJ0xKx5y87TOeH7eqTc6zgvDxUMdRFKEawSN4Vp4m25s+dW87VSv\nqM7SFfyLoLoBxjg1MXxptuxRqQ2OOPmAmjKIBIlS/LBbzlY6lf9KNVSA3jNHLSzH\nySw+YG19LT+9MTDfCNqQqvs0gXJ/EjilyUJ4TQhoKwuKdjFRV+/Bk77W8Txiba5A\nLW8sT/Pu+fJsngO2U3DcRH/bSOU+4pcXkeAy9wX+CkRZ98WvXqQwkaDapRGf+scp\nGuVgNwsWlqV4gkeVZsRjLNozIMJCIMcb3zYZYwiWBDo5ozDg6WwrbCMXNyfO1flC\nSwIDAQAB\n-----END PUBLIC KEY-----\n",
            "rsa_bits": 2048
          },
          "sensitive_attributes": [],
          "private": "bnVsbA=="
        }
      ]
    }
  ]
}
